
Microsoft Visual Studio Solution File, Format Version 12.00
# Visual Studio 15
VisualStudioVersion = 15.0.27130.2024
MinimumVisualStudioVersion = 10.0.40219.1
Project("{FAE04EC0-301F-11D3-BF4B-00C04F79EFBC}") = "TM.Web", "TM.Web\TM.Web.csproj", "{DDA15E5D-A079-4BE1-A31C-3B2694F84B15}"
EndProject
Global
	GlobalSection(SolutionConfigurationPlatforms) = preSolution
		Debug|Any CPU = Debug|Any CPU
		Release|Any CPU = Release|Any CPU
	EndGlobalSection
	GlobalSection(ProjectConfigurationPlatforms) = postSolution
		{DDA15E5D-A079-4BE1-A31C-3B2694F84B15}.Debug|Any CPU.ActiveCfg = Debug|Any CPU
		{DDA15E5D-A079-4BE1-A31C-3B2694F84B15}.Debug|Any CPU.Build.0 = Debug|Any CPU
		{DDA15E5D-A079-4BE1-A31C-3B2694F84B15}.Release|Any CPU.ActiveCfg = Release|Any CPU
		{DDA15E5D-A079-4BE1-A31C-3B2694F84B15}.Release|Any CPU.Build.0 = Release|Any CPU
	EndGlobalSection
	GlobalSection(SolutionProperties) = preSolution
		HideSolutionNode = FALSE
	EndGlobalSection
	GlobalSection(ExtensibilityGlobals) = postSolution
		SolutionGuid = {57CB3B71-B94A-483B-B420-88AA2316B2AE}
	EndGlobalSection
EndGlobal
