
Microsoft Visual Studio Solution File, Format Version 12.00
# Visual Studio 15
VisualStudioVersion = 15.0.27130.2024
MinimumVisualStudioVersion = 10.0.40219.1
Project("{9092AA53-FB77-4645-B42D-1CCCA6BD08BD}") = "TM.VUE", "TM.VUE\TM.VUE.njsproj", "{A6F593DA-EA1B-43C5-BE43-0E204090C9DC}"
EndProject
Project("{9A19103F-16F7-4668-BE54-9A1E7A4F7556}") = "TM.API", "TM.API\TM.API.csproj", "{F9BEDC62-8D21-4459-83AB-856CF3DC2F43}"
EndProject
Project("{00D1A9C2-B5F0-4AF3-8072-F6C62B433612}") = "TM.DB", "TM.DB\TM.DB.sqlproj", "{8B795303-AF5F-4652-9C21-4CE55B8B9925}"
EndProject
Project("{FAE04EC0-301F-11D3-BF4B-00C04F79EFBC}") = "TM.XAM.Android", "TM.XAM\TM.XAM.Android\TM.XAM.Android.csproj", "{24CE3C36-16B9-426D-AA0C-5961ECF8D88C}"
EndProject
Project("{FAE04EC0-301F-11D3-BF4B-00C04F79EFBC}") = "TM.XAM.iOS", "TM.XAM\TM.XAM.iOS\TM.XAM.iOS.csproj", "{9012B15B-105D-499B-843B-B9188C0B7F62}"
EndProject
Project("{FAE04EC0-301F-11D3-BF4B-00C04F79EFBC}") = "TM.XAM.UWP", "TM.XAM\TM.XAM.UWP\TM.XAM.UWP.csproj", "{1863096A-BBE0-4E09-A459-D00890330C66}"
EndProject
Project("{9A19103F-16F7-4668-BE54-9A1E7A4F7556}") = "TM.XAM", "TM.XAM\TM.XAM\TM.XAM.csproj", "{DD8EF0E6-9305-47CC-BBD1-77F586045461}"
EndProject
Project("{2150E333-8FDC-42A3-9474-1A3956D46DE8}") = "Solution Items", "Solution Items", "{6C402B94-F05A-42D6-8E83-05C4963B0CB1}"
	ProjectSection(SolutionItems) = preProject
		readme.md = readme.md
	EndProjectSection
EndProject
Project("{9A19103F-16F7-4668-BE54-9A1E7A4F7556}") = "TM.Data", "TM.Data\TM.Data.csproj", "{2A58B58F-A3FD-449B-8BA3-E5AC29BC21B4}"
EndProject
Project("{9A19103F-16F7-4668-BE54-9A1E7A4F7556}") = "TM.Domain", "TM.Domain\TM.Domain.csproj", "{FDACAB05-E602-4320-A256-29308DDB0118}"
EndProject
Project("{FAE04EC0-301F-11D3-BF4B-00C04F79EFBC}") = "TM.DTO", "TM.DTO\TM.DTO.csproj", "{86BCC3F8-D9BD-44B1-9581-80EB643C599A}"
EndProject
Global
	GlobalSection(SolutionConfigurationPlatforms) = preSolution
		Debug|Any CPU = Debug|Any CPU
		Debug|ARM = Debug|ARM
		Debug|iPhone = Debug|iPhone
		Debug|iPhoneSimulator = Debug|iPhoneSimulator
		Debug|x64 = Debug|x64
		Debug|x86 = Debug|x86
		Release|Any CPU = Release|Any CPU
		Release|ARM = Release|ARM
		Release|iPhone = Release|iPhone
		Release|iPhoneSimulator = Release|iPhoneSimulator
		Release|x64 = Release|x64
		Release|x86 = Release|x86
	EndGlobalSection
	GlobalSection(ProjectConfigurationPlatforms) = postSolution
		{A6F593DA-EA1B-43C5-BE43-0E204090C9DC}.Debug|Any CPU.ActiveCfg = Debug|Any CPU
		{A6F593DA-EA1B-43C5-BE43-0E204090C9DC}.Debug|Any CPU.Build.0 = Debug|Any CPU
		{A6F593DA-EA1B-43C5-BE43-0E204090C9DC}.Debug|ARM.ActiveCfg = Debug|Any CPU
		{A6F593DA-EA1B-43C5-BE43-0E204090C9DC}.Debug|ARM.Build.0 = Debug|Any CPU
		{A6F593DA-EA1B-43C5-BE43-0E204090C9DC}.Debug|iPhone.ActiveCfg = Debug|Any CPU
		{A6F593DA-EA1B-43C5-BE43-0E204090C9DC}.Debug|iPhone.Build.0 = Debug|Any CPU
		{A6F593DA-EA1B-43C5-BE43-0E204090C9DC}.Debug|iPhoneSimulator.ActiveCfg = Debug|Any CPU
		{A6F593DA-EA1B-43C5-BE43-0E204090C9DC}.Debug|iPhoneSimulator.Build.0 = Debug|Any CPU
		{A6F593DA-EA1B-43C5-BE43-0E204090C9DC}.Debug|x64.ActiveCfg = Debug|Any CPU
		{A6F593DA-EA1B-43C5-BE43-0E204090C9DC}.Debug|x64.Build.0 = Debug|Any CPU
		{A6F593DA-EA1B-43C5-BE43-0E204090C9DC}.Debug|x86.ActiveCfg = Debug|Any CPU
		{A6F593DA-EA1B-43C5-BE43-0E204090C9DC}.Debug|x86.Build.0 = Debug|Any CPU
		{A6F593DA-EA1B-43C5-BE43-0E204090C9DC}.Release|Any CPU.ActiveCfg = Release|Any CPU
		{A6F593DA-EA1B-43C5-BE43-0E204090C9DC}.Release|Any CPU.Build.0 = Release|Any CPU
		{A6F593DA-EA1B-43C5-BE43-0E204090C9DC}.Release|ARM.ActiveCfg = Release|Any CPU
		{A6F593DA-EA1B-43C5-BE43-0E204090C9DC}.Release|ARM.Build.0 = Release|Any CPU
		{A6F593DA-EA1B-43C5-BE43-0E204090C9DC}.Release|iPhone.ActiveCfg = Release|Any CPU
		{A6F593DA-EA1B-43C5-BE43-0E204090C9DC}.Release|iPhone.Build.0 = Release|Any CPU
		{A6F593DA-EA1B-43C5-BE43-0E204090C9DC}.Release|iPhoneSimulator.ActiveCfg = Release|Any CPU
		{A6F593DA-EA1B-43C5-BE43-0E204090C9DC}.Release|iPhoneSimulator.Build.0 = Release|Any CPU
		{A6F593DA-EA1B-43C5-BE43-0E204090C9DC}.Release|x64.ActiveCfg = Release|Any CPU
		{A6F593DA-EA1B-43C5-BE43-0E204090C9DC}.Release|x64.Build.0 = Release|Any CPU
		{A6F593DA-EA1B-43C5-BE43-0E204090C9DC}.Release|x86.ActiveCfg = Release|Any CPU
		{A6F593DA-EA1B-43C5-BE43-0E204090C9DC}.Release|x86.Build.0 = Release|Any CPU
		{F9BEDC62-8D21-4459-83AB-856CF3DC2F43}.Debug|Any CPU.ActiveCfg = Debug|Any CPU
		{F9BEDC62-8D21-4459-83AB-856CF3DC2F43}.Debug|Any CPU.Build.0 = Debug|Any CPU
		{F9BEDC62-8D21-4459-83AB-856CF3DC2F43}.Debug|ARM.ActiveCfg = Debug|Any CPU
		{F9BEDC62-8D21-4459-83AB-856CF3DC2F43}.Debug|ARM.Build.0 = Debug|Any CPU
		{F9BEDC62-8D21-4459-83AB-856CF3DC2F43}.Debug|iPhone.ActiveCfg = Debug|Any CPU
		{F9BEDC62-8D21-4459-83AB-856CF3DC2F43}.Debug|iPhone.Build.0 = Debug|Any CPU
		{F9BEDC62-8D21-4459-83AB-856CF3DC2F43}.Debug|iPhoneSimulator.ActiveCfg = Debug|Any CPU
		{F9BEDC62-8D21-4459-83AB-856CF3DC2F43}.Debug|iPhoneSimulator.Build.0 = Debug|Any CPU
		{F9BEDC62-8D21-4459-83AB-856CF3DC2F43}.Debug|x64.ActiveCfg = Debug|Any CPU
		{F9BEDC62-8D21-4459-83AB-856CF3DC2F43}.Debug|x64.Build.0 = Debug|Any CPU
		{F9BEDC62-8D21-4459-83AB-856CF3DC2F43}.Debug|x86.ActiveCfg = Debug|Any CPU
		{F9BEDC62-8D21-4459-83AB-856CF3DC2F43}.Debug|x86.Build.0 = Debug|Any CPU
		{F9BEDC62-8D21-4459-83AB-856CF3DC2F43}.Release|Any CPU.ActiveCfg = Release|Any CPU
		{F9BEDC62-8D21-4459-83AB-856CF3DC2F43}.Release|Any CPU.Build.0 = Release|Any CPU
		{F9BEDC62-8D21-4459-83AB-856CF3DC2F43}.Release|ARM.ActiveCfg = Release|Any CPU
		{F9BEDC62-8D21-4459-83AB-856CF3DC2F43}.Release|ARM.Build.0 = Release|Any CPU
		{F9BEDC62-8D21-4459-83AB-856CF3DC2F43}.Release|iPhone.ActiveCfg = Release|Any CPU
		{F9BEDC62-8D21-4459-83AB-856CF3DC2F43}.Release|iPhone.Build.0 = Release|Any CPU
		{F9BEDC62-8D21-4459-83AB-856CF3DC2F43}.Release|iPhoneSimulator.ActiveCfg = Release|Any CPU
		{F9BEDC62-8D21-4459-83AB-856CF3DC2F43}.Release|iPhoneSimulator.Build.0 = Release|Any CPU
		{F9BEDC62-8D21-4459-83AB-856CF3DC2F43}.Release|x64.ActiveCfg = Release|Any CPU
		{F9BEDC62-8D21-4459-83AB-856CF3DC2F43}.Release|x64.Build.0 = Release|Any CPU
		{F9BEDC62-8D21-4459-83AB-856CF3DC2F43}.Release|x86.ActiveCfg = Release|Any CPU
		{F9BEDC62-8D21-4459-83AB-856CF3DC2F43}.Release|x86.Build.0 = Release|Any CPU
		{8B795303-AF5F-4652-9C21-4CE55B8B9925}.Debug|Any CPU.ActiveCfg = Debug|Any CPU
		{8B795303-AF5F-4652-9C21-4CE55B8B9925}.Debug|Any CPU.Build.0 = Debug|Any CPU
		{8B795303-AF5F-4652-9C21-4CE55B8B9925}.Debug|Any CPU.Deploy.0 = Debug|Any CPU
		{8B795303-AF5F-4652-9C21-4CE55B8B9925}.Debug|ARM.ActiveCfg = Debug|Any CPU
		{8B795303-AF5F-4652-9C21-4CE55B8B9925}.Debug|ARM.Build.0 = Debug|Any CPU
		{8B795303-AF5F-4652-9C21-4CE55B8B9925}.Debug|ARM.Deploy.0 = Debug|Any CPU
		{8B795303-AF5F-4652-9C21-4CE55B8B9925}.Debug|iPhone.ActiveCfg = Debug|Any CPU
		{8B795303-AF5F-4652-9C21-4CE55B8B9925}.Debug|iPhone.Build.0 = Debug|Any CPU
		{8B795303-AF5F-4652-9C21-4CE55B8B9925}.Debug|iPhone.Deploy.0 = Debug|Any CPU
		{8B795303-AF5F-4652-9C21-4CE55B8B9925}.Debug|iPhoneSimulator.ActiveCfg = Debug|Any CPU
		{8B795303-AF5F-4652-9C21-4CE55B8B9925}.Debug|iPhoneSimulator.Build.0 = Debug|Any CPU
		{8B795303-AF5F-4652-9C21-4CE55B8B9925}.Debug|iPhoneSimulator.Deploy.0 = Debug|Any CPU
		{8B795303-AF5F-4652-9C21-4CE55B8B9925}.Debug|x64.ActiveCfg = Debug|Any CPU
		{8B795303-AF5F-4652-9C21-4CE55B8B9925}.Debug|x64.Build.0 = Debug|Any CPU
		{8B795303-AF5F-4652-9C21-4CE55B8B9925}.Debug|x64.Deploy.0 = Debug|Any CPU
		{8B795303-AF5F-4652-9C21-4CE55B8B9925}.Debug|x86.ActiveCfg = Debug|Any CPU
		{8B795303-AF5F-4652-9C21-4CE55B8B9925}.Debug|x86.Build.0 = Debug|Any CPU
		{8B795303-AF5F-4652-9C21-4CE55B8B9925}.Debug|x86.Deploy.0 = Debug|Any CPU
		{8B795303-AF5F-4652-9C21-4CE55B8B9925}.Release|Any CPU.ActiveCfg = Release|Any CPU
		{8B795303-AF5F-4652-9C21-4CE55B8B9925}.Release|Any CPU.Build.0 = Release|Any CPU
		{8B795303-AF5F-4652-9C21-4CE55B8B9925}.Release|Any CPU.Deploy.0 = Release|Any CPU
		{8B795303-AF5F-4652-9C21-4CE55B8B9925}.Release|ARM.ActiveCfg = Release|Any CPU
		{8B795303-AF5F-4652-9C21-4CE55B8B9925}.Release|ARM.Build.0 = Release|Any CPU
		{8B795303-AF5F-4652-9C21-4CE55B8B9925}.Release|ARM.Deploy.0 = Release|Any CPU
		{8B795303-AF5F-4652-9C21-4CE55B8B9925}.Release|iPhone.ActiveCfg = Release|Any CPU
		{8B795303-AF5F-4652-9C21-4CE55B8B9925}.Release|iPhone.Build.0 = Release|Any CPU
		{8B795303-AF5F-4652-9C21-4CE55B8B9925}.Release|iPhone.Deploy.0 = Release|Any CPU
		{8B795303-AF5F-4652-9C21-4CE55B8B9925}.Release|iPhoneSimulator.ActiveCfg = Release|Any CPU
		{8B795303-AF5F-4652-9C21-4CE55B8B9925}.Release|iPhoneSimulator.Build.0 = Release|Any CPU
		{8B795303-AF5F-4652-9C21-4CE55B8B9925}.Release|iPhoneSimulator.Deploy.0 = Release|Any CPU
		{8B795303-AF5F-4652-9C21-4CE55B8B9925}.Release|x64.ActiveCfg = Release|Any CPU
		{8B795303-AF5F-4652-9C21-4CE55B8B9925}.Release|x64.Build.0 = Release|Any CPU
		{8B795303-AF5F-4652-9C21-4CE55B8B9925}.Release|x64.Deploy.0 = Release|Any CPU
		{8B795303-AF5F-4652-9C21-4CE55B8B9925}.Release|x86.ActiveCfg = Release|Any CPU
		{8B795303-AF5F-4652-9C21-4CE55B8B9925}.Release|x86.Build.0 = Release|Any CPU
		{8B795303-AF5F-4652-9C21-4CE55B8B9925}.Release|x86.Deploy.0 = Release|Any CPU
		{24CE3C36-16B9-426D-AA0C-5961ECF8D88C}.Debug|Any CPU.ActiveCfg = Debug|Any CPU
		{24CE3C36-16B9-426D-AA0C-5961ECF8D88C}.Debug|Any CPU.Build.0 = Debug|Any CPU
		{24CE3C36-16B9-426D-AA0C-5961ECF8D88C}.Debug|Any CPU.Deploy.0 = Debug|Any CPU
		{24CE3C36-16B9-426D-AA0C-5961ECF8D88C}.Debug|ARM.ActiveCfg = Debug|Any CPU
		{24CE3C36-16B9-426D-AA0C-5961ECF8D88C}.Debug|ARM.Build.0 = Debug|Any CPU
		{24CE3C36-16B9-426D-AA0C-5961ECF8D88C}.Debug|ARM.Deploy.0 = Debug|Any CPU
		{24CE3C36-16B9-426D-AA0C-5961ECF8D88C}.Debug|iPhone.ActiveCfg = Debug|Any CPU
		{24CE3C36-16B9-426D-AA0C-5961ECF8D88C}.Debug|iPhone.Build.0 = Debug|Any CPU
		{24CE3C36-16B9-426D-AA0C-5961ECF8D88C}.Debug|iPhone.Deploy.0 = Debug|Any CPU
		{24CE3C36-16B9-426D-AA0C-5961ECF8D88C}.Debug|iPhoneSimulator.ActiveCfg = Debug|Any CPU
		{24CE3C36-16B9-426D-AA0C-5961ECF8D88C}.Debug|iPhoneSimulator.Build.0 = Debug|Any CPU
		{24CE3C36-16B9-426D-AA0C-5961ECF8D88C}.Debug|iPhoneSimulator.Deploy.0 = Debug|Any CPU
		{24CE3C36-16B9-426D-AA0C-5961ECF8D88C}.Debug|x64.ActiveCfg = Debug|Any CPU
		{24CE3C36-16B9-426D-AA0C-5961ECF8D88C}.Debug|x64.Build.0 = Debug|Any CPU
		{24CE3C36-16B9-426D-AA0C-5961ECF8D88C}.Debug|x64.Deploy.0 = Debug|Any CPU
		{24CE3C36-16B9-426D-AA0C-5961ECF8D88C}.Debug|x86.ActiveCfg = Debug|Any CPU
		{24CE3C36-16B9-426D-AA0C-5961ECF8D88C}.Debug|x86.Build.0 = Debug|Any CPU
		{24CE3C36-16B9-426D-AA0C-5961ECF8D88C}.Debug|x86.Deploy.0 = Debug|Any CPU
		{24CE3C36-16B9-426D-AA0C-5961ECF8D88C}.Release|Any CPU.ActiveCfg = Release|Any CPU
		{24CE3C36-16B9-426D-AA0C-5961ECF8D88C}.Release|Any CPU.Build.0 = Release|Any CPU
		{24CE3C36-16B9-426D-AA0C-5961ECF8D88C}.Release|Any CPU.Deploy.0 = Release|Any CPU
		{24CE3C36-16B9-426D-AA0C-5961ECF8D88C}.Release|ARM.ActiveCfg = Release|Any CPU
		{24CE3C36-16B9-426D-AA0C-5961ECF8D88C}.Release|ARM.Build.0 = Release|Any CPU
		{24CE3C36-16B9-426D-AA0C-5961ECF8D88C}.Release|ARM.Deploy.0 = Release|Any CPU
		{24CE3C36-16B9-426D-AA0C-5961ECF8D88C}.Release|iPhone.ActiveCfg = Release|Any CPU
		{24CE3C36-16B9-426D-AA0C-5961ECF8D88C}.Release|iPhone.Build.0 = Release|Any CPU
		{24CE3C36-16B9-426D-AA0C-5961ECF8D88C}.Release|iPhone.Deploy.0 = Release|Any CPU
		{24CE3C36-16B9-426D-AA0C-5961ECF8D88C}.Release|iPhoneSimulator.ActiveCfg = Release|Any CPU
		{24CE3C36-16B9-426D-AA0C-5961ECF8D88C}.Release|iPhoneSimulator.Build.0 = Release|Any CPU
		{24CE3C36-16B9-426D-AA0C-5961ECF8D88C}.Release|iPhoneSimulator.Deploy.0 = Release|Any CPU
		{24CE3C36-16B9-426D-AA0C-5961ECF8D88C}.Release|x64.ActiveCfg = Release|Any CPU
		{24CE3C36-16B9-426D-AA0C-5961ECF8D88C}.Release|x64.Build.0 = Release|Any CPU
		{24CE3C36-16B9-426D-AA0C-5961ECF8D88C}.Release|x64.Deploy.0 = Release|Any CPU
		{24CE3C36-16B9-426D-AA0C-5961ECF8D88C}.Release|x86.ActiveCfg = Release|Any CPU
		{24CE3C36-16B9-426D-AA0C-5961ECF8D88C}.Release|x86.Build.0 = Release|Any CPU
		{24CE3C36-16B9-426D-AA0C-5961ECF8D88C}.Release|x86.Deploy.0 = Release|Any CPU
		{9012B15B-105D-499B-843B-B9188C0B7F62}.Debug|Any CPU.ActiveCfg = Debug|iPhone
		{9012B15B-105D-499B-843B-B9188C0B7F62}.Debug|ARM.ActiveCfg = Debug|iPhone
		{9012B15B-105D-499B-843B-B9188C0B7F62}.Debug|iPhone.ActiveCfg = Debug|iPhone
		{9012B15B-105D-499B-843B-B9188C0B7F62}.Debug|iPhone.Build.0 = Debug|iPhone
		{9012B15B-105D-499B-843B-B9188C0B7F62}.Debug|iPhoneSimulator.ActiveCfg = Debug|iPhoneSimulator
		{9012B15B-105D-499B-843B-B9188C0B7F62}.Debug|iPhoneSimulator.Build.0 = Debug|iPhoneSimulator
		{9012B15B-105D-499B-843B-B9188C0B7F62}.Debug|x64.ActiveCfg = Debug|iPhone
		{9012B15B-105D-499B-843B-B9188C0B7F62}.Debug|x86.ActiveCfg = Debug|iPhone
		{9012B15B-105D-499B-843B-B9188C0B7F62}.Release|Any CPU.ActiveCfg = Release|iPhone
		{9012B15B-105D-499B-843B-B9188C0B7F62}.Release|ARM.ActiveCfg = Release|iPhone
		{9012B15B-105D-499B-843B-B9188C0B7F62}.Release|iPhone.ActiveCfg = Release|iPhone
		{9012B15B-105D-499B-843B-B9188C0B7F62}.Release|iPhone.Build.0 = Release|iPhone
		{9012B15B-105D-499B-843B-B9188C0B7F62}.Release|iPhoneSimulator.ActiveCfg = Release|iPhoneSimulator
		{9012B15B-105D-499B-843B-B9188C0B7F62}.Release|iPhoneSimulator.Build.0 = Release|iPhoneSimulator
		{9012B15B-105D-499B-843B-B9188C0B7F62}.Release|x64.ActiveCfg = Release|iPhone
		{9012B15B-105D-499B-843B-B9188C0B7F62}.Release|x86.ActiveCfg = Release|iPhone
		{1863096A-BBE0-4E09-A459-D00890330C66}.Debug|Any CPU.ActiveCfg = Debug|x86
		{1863096A-BBE0-4E09-A459-D00890330C66}.Debug|ARM.ActiveCfg = Debug|ARM
		{1863096A-BBE0-4E09-A459-D00890330C66}.Debug|ARM.Build.0 = Debug|ARM
		{1863096A-BBE0-4E09-A459-D00890330C66}.Debug|ARM.Deploy.0 = Debug|ARM
		{1863096A-BBE0-4E09-A459-D00890330C66}.Debug|iPhone.ActiveCfg = Debug|x86
		{1863096A-BBE0-4E09-A459-D00890330C66}.Debug|iPhoneSimulator.ActiveCfg = Debug|x86
		{1863096A-BBE0-4E09-A459-D00890330C66}.Debug|x64.ActiveCfg = Debug|x64
		{1863096A-BBE0-4E09-A459-D00890330C66}.Debug|x64.Build.0 = Debug|x64
		{1863096A-BBE0-4E09-A459-D00890330C66}.Debug|x64.Deploy.0 = Debug|x64
		{1863096A-BBE0-4E09-A459-D00890330C66}.Debug|x86.ActiveCfg = Debug|x86
		{1863096A-BBE0-4E09-A459-D00890330C66}.Debug|x86.Build.0 = Debug|x86
		{1863096A-BBE0-4E09-A459-D00890330C66}.Debug|x86.Deploy.0 = Debug|x86
		{1863096A-BBE0-4E09-A459-D00890330C66}.Release|Any CPU.ActiveCfg = Release|x86
		{1863096A-BBE0-4E09-A459-D00890330C66}.Release|ARM.ActiveCfg = Release|ARM
		{1863096A-BBE0-4E09-A459-D00890330C66}.Release|ARM.Build.0 = Release|ARM
		{1863096A-BBE0-4E09-A459-D00890330C66}.Release|ARM.Deploy.0 = Release|ARM
		{1863096A-BBE0-4E09-A459-D00890330C66}.Release|iPhone.ActiveCfg = Release|x86
		{1863096A-BBE0-4E09-A459-D00890330C66}.Release|iPhoneSimulator.ActiveCfg = Release|x86
		{1863096A-BBE0-4E09-A459-D00890330C66}.Release|x64.ActiveCfg = Release|x64
		{1863096A-BBE0-4E09-A459-D00890330C66}.Release|x64.Build.0 = Release|x64
		{1863096A-BBE0-4E09-A459-D00890330C66}.Release|x64.Deploy.0 = Release|x64
		{1863096A-BBE0-4E09-A459-D00890330C66}.Release|x86.ActiveCfg = Release|x86
		{1863096A-BBE0-4E09-A459-D00890330C66}.Release|x86.Build.0 = Release|x86
		{1863096A-BBE0-4E09-A459-D00890330C66}.Release|x86.Deploy.0 = Release|x86
		{DD8EF0E6-9305-47CC-BBD1-77F586045461}.Debug|Any CPU.ActiveCfg = Debug|Any CPU
		{DD8EF0E6-9305-47CC-BBD1-77F586045461}.Debug|Any CPU.Build.0 = Debug|Any CPU
		{DD8EF0E6-9305-47CC-BBD1-77F586045461}.Debug|ARM.ActiveCfg = Debug|Any CPU
		{DD8EF0E6-9305-47CC-BBD1-77F586045461}.Debug|ARM.Build.0 = Debug|Any CPU
		{DD8EF0E6-9305-47CC-BBD1-77F586045461}.Debug|iPhone.ActiveCfg = Debug|Any CPU
		{DD8EF0E6-9305-47CC-BBD1-77F586045461}.Debug|iPhone.Build.0 = Debug|Any CPU
		{DD8EF0E6-9305-47CC-BBD1-77F586045461}.Debug|iPhoneSimulator.ActiveCfg = Debug|Any CPU
		{DD8EF0E6-9305-47CC-BBD1-77F586045461}.Debug|iPhoneSimulator.Build.0 = Debug|Any CPU
		{DD8EF0E6-9305-47CC-BBD1-77F586045461}.Debug|x64.ActiveCfg = Debug|Any CPU
		{DD8EF0E6-9305-47CC-BBD1-77F586045461}.Debug|x64.Build.0 = Debug|Any CPU
		{DD8EF0E6-9305-47CC-BBD1-77F586045461}.Debug|x86.ActiveCfg = Debug|Any CPU
		{DD8EF0E6-9305-47CC-BBD1-77F586045461}.Debug|x86.Build.0 = Debug|Any CPU
		{DD8EF0E6-9305-47CC-BBD1-77F586045461}.Release|Any CPU.ActiveCfg = Release|Any CPU
		{DD8EF0E6-9305-47CC-BBD1-77F586045461}.Release|Any CPU.Build.0 = Release|Any CPU
		{DD8EF0E6-9305-47CC-BBD1-77F586045461}.Release|ARM.ActiveCfg = Release|Any CPU
		{DD8EF0E6-9305-47CC-BBD1-77F586045461}.Release|ARM.Build.0 = Release|Any CPU
		{DD8EF0E6-9305-47CC-BBD1-77F586045461}.Release|iPhone.ActiveCfg = Release|Any CPU
		{DD8EF0E6-9305-47CC-BBD1-77F586045461}.Release|iPhone.Build.0 = Release|Any CPU
		{DD8EF0E6-9305-47CC-BBD1-77F586045461}.Release|iPhoneSimulator.ActiveCfg = Release|Any CPU
		{DD8EF0E6-9305-47CC-BBD1-77F586045461}.Release|iPhoneSimulator.Build.0 = Release|Any CPU
		{DD8EF0E6-9305-47CC-BBD1-77F586045461}.Release|x64.ActiveCfg = Release|Any CPU
		{DD8EF0E6-9305-47CC-BBD1-77F586045461}.Release|x64.Build.0 = Release|Any CPU
		{DD8EF0E6-9305-47CC-BBD1-77F586045461}.Release|x86.ActiveCfg = Release|Any CPU
		{DD8EF0E6-9305-47CC-BBD1-77F586045461}.Release|x86.Build.0 = Release|Any CPU
		{2A58B58F-A3FD-449B-8BA3-E5AC29BC21B4}.Debug|Any CPU.ActiveCfg = Debug|Any CPU
		{2A58B58F-A3FD-449B-8BA3-E5AC29BC21B4}.Debug|Any CPU.Build.0 = Debug|Any CPU
		{2A58B58F-A3FD-449B-8BA3-E5AC29BC21B4}.Debug|ARM.ActiveCfg = Debug|Any CPU
		{2A58B58F-A3FD-449B-8BA3-E5AC29BC21B4}.Debug|ARM.Build.0 = Debug|Any CPU
		{2A58B58F-A3FD-449B-8BA3-E5AC29BC21B4}.Debug|iPhone.ActiveCfg = Debug|Any CPU
		{2A58B58F-A3FD-449B-8BA3-E5AC29BC21B4}.Debug|iPhone.Build.0 = Debug|Any CPU
		{2A58B58F-A3FD-449B-8BA3-E5AC29BC21B4}.Debug|iPhoneSimulator.ActiveCfg = Debug|Any CPU
		{2A58B58F-A3FD-449B-8BA3-E5AC29BC21B4}.Debug|iPhoneSimulator.Build.0 = Debug|Any CPU
		{2A58B58F-A3FD-449B-8BA3-E5AC29BC21B4}.Debug|x64.ActiveCfg = Debug|Any CPU
		{2A58B58F-A3FD-449B-8BA3-E5AC29BC21B4}.Debug|x64.Build.0 = Debug|Any CPU
		{2A58B58F-A3FD-449B-8BA3-E5AC29BC21B4}.Debug|x86.ActiveCfg = Debug|Any CPU
		{2A58B58F-A3FD-449B-8BA3-E5AC29BC21B4}.Debug|x86.Build.0 = Debug|Any CPU
		{2A58B58F-A3FD-449B-8BA3-E5AC29BC21B4}.Release|Any CPU.ActiveCfg = Release|Any CPU
		{2A58B58F-A3FD-449B-8BA3-E5AC29BC21B4}.Release|Any CPU.Build.0 = Release|Any CPU
		{2A58B58F-A3FD-449B-8BA3-E5AC29BC21B4}.Release|ARM.ActiveCfg = Release|Any CPU
		{2A58B58F-A3FD-449B-8BA3-E5AC29BC21B4}.Release|ARM.Build.0 = Release|Any CPU
		{2A58B58F-A3FD-449B-8BA3-E5AC29BC21B4}.Release|iPhone.ActiveCfg = Release|Any CPU
		{2A58B58F-A3FD-449B-8BA3-E5AC29BC21B4}.Release|iPhone.Build.0 = Release|Any CPU
		{2A58B58F-A3FD-449B-8BA3-E5AC29BC21B4}.Release|iPhoneSimulator.ActiveCfg = Release|Any CPU
		{2A58B58F-A3FD-449B-8BA3-E5AC29BC21B4}.Release|iPhoneSimulator.Build.0 = Release|Any CPU
		{2A58B58F-A3FD-449B-8BA3-E5AC29BC21B4}.Release|x64.ActiveCfg = Release|Any CPU
		{2A58B58F-A3FD-449B-8BA3-E5AC29BC21B4}.Release|x64.Build.0 = Release|Any CPU
		{2A58B58F-A3FD-449B-8BA3-E5AC29BC21B4}.Release|x86.ActiveCfg = Release|Any CPU
		{2A58B58F-A3FD-449B-8BA3-E5AC29BC21B4}.Release|x86.Build.0 = Release|Any CPU
		{FDACAB05-E602-4320-A256-29308DDB0118}.Debug|Any CPU.ActiveCfg = Debug|Any CPU
		{FDACAB05-E602-4320-A256-29308DDB0118}.Debug|Any CPU.Build.0 = Debug|Any CPU
		{FDACAB05-E602-4320-A256-29308DDB0118}.Debug|ARM.ActiveCfg = Debug|Any CPU
		{FDACAB05-E602-4320-A256-29308DDB0118}.Debug|ARM.Build.0 = Debug|Any CPU
		{FDACAB05-E602-4320-A256-29308DDB0118}.Debug|iPhone.ActiveCfg = Debug|Any CPU
		{FDACAB05-E602-4320-A256-29308DDB0118}.Debug|iPhone.Build.0 = Debug|Any CPU
		{FDACAB05-E602-4320-A256-29308DDB0118}.Debug|iPhoneSimulator.ActiveCfg = Debug|Any CPU
		{FDACAB05-E602-4320-A256-29308DDB0118}.Debug|iPhoneSimulator.Build.0 = Debug|Any CPU
		{FDACAB05-E602-4320-A256-29308DDB0118}.Debug|x64.ActiveCfg = Debug|Any CPU
		{FDACAB05-E602-4320-A256-29308DDB0118}.Debug|x64.Build.0 = Debug|Any CPU
		{FDACAB05-E602-4320-A256-29308DDB0118}.Debug|x86.ActiveCfg = Debug|Any CPU
		{FDACAB05-E602-4320-A256-29308DDB0118}.Debug|x86.Build.0 = Debug|Any CPU
		{FDACAB05-E602-4320-A256-29308DDB0118}.Release|Any CPU.ActiveCfg = Release|Any CPU
		{FDACAB05-E602-4320-A256-29308DDB0118}.Release|Any CPU.Build.0 = Release|Any CPU
		{FDACAB05-E602-4320-A256-29308DDB0118}.Release|ARM.ActiveCfg = Release|Any CPU
		{FDACAB05-E602-4320-A256-29308DDB0118}.Release|ARM.Build.0 = Release|Any CPU
		{FDACAB05-E602-4320-A256-29308DDB0118}.Release|iPhone.ActiveCfg = Release|Any CPU
		{FDACAB05-E602-4320-A256-29308DDB0118}.Release|iPhone.Build.0 = Release|Any CPU
		{FDACAB05-E602-4320-A256-29308DDB0118}.Release|iPhoneSimulator.ActiveCfg = Release|Any CPU
		{FDACAB05-E602-4320-A256-29308DDB0118}.Release|iPhoneSimulator.Build.0 = Release|Any CPU
		{FDACAB05-E602-4320-A256-29308DDB0118}.Release|x64.ActiveCfg = Release|Any CPU
		{FDACAB05-E602-4320-A256-29308DDB0118}.Release|x64.Build.0 = Release|Any CPU
		{FDACAB05-E602-4320-A256-29308DDB0118}.Release|x86.ActiveCfg = Release|Any CPU
		{FDACAB05-E602-4320-A256-29308DDB0118}.Release|x86.Build.0 = Release|Any CPU
		{86BCC3F8-D9BD-44B1-9581-80EB643C599A}.Debug|Any CPU.ActiveCfg = Debug|Any CPU
		{86BCC3F8-D9BD-44B1-9581-80EB643C599A}.Debug|Any CPU.Build.0 = Debug|Any CPU
		{86BCC3F8-D9BD-44B1-9581-80EB643C599A}.Debug|ARM.ActiveCfg = Debug|Any CPU
		{86BCC3F8-D9BD-44B1-9581-80EB643C599A}.Debug|ARM.Build.0 = Debug|Any CPU
		{86BCC3F8-D9BD-44B1-9581-80EB643C599A}.Debug|iPhone.ActiveCfg = Debug|Any CPU
		{86BCC3F8-D9BD-44B1-9581-80EB643C599A}.Debug|iPhone.Build.0 = Debug|Any CPU
		{86BCC3F8-D9BD-44B1-9581-80EB643C599A}.Debug|iPhoneSimulator.ActiveCfg = Debug|Any CPU
		{86BCC3F8-D9BD-44B1-9581-80EB643C599A}.Debug|iPhoneSimulator.Build.0 = Debug|Any CPU
		{86BCC3F8-D9BD-44B1-9581-80EB643C599A}.Debug|x64.ActiveCfg = Debug|Any CPU
		{86BCC3F8-D9BD-44B1-9581-80EB643C599A}.Debug|x64.Build.0 = Debug|Any CPU
		{86BCC3F8-D9BD-44B1-9581-80EB643C599A}.Debug|x86.ActiveCfg = Debug|Any CPU
		{86BCC3F8-D9BD-44B1-9581-80EB643C599A}.Debug|x86.Build.0 = Debug|Any CPU
		{86BCC3F8-D9BD-44B1-9581-80EB643C599A}.Release|Any CPU.ActiveCfg = Release|Any CPU
		{86BCC3F8-D9BD-44B1-9581-80EB643C599A}.Release|Any CPU.Build.0 = Release|Any CPU
		{86BCC3F8-D9BD-44B1-9581-80EB643C599A}.Release|ARM.ActiveCfg = Release|Any CPU
		{86BCC3F8-D9BD-44B1-9581-80EB643C599A}.Release|ARM.Build.0 = Release|Any CPU
		{86BCC3F8-D9BD-44B1-9581-80EB643C599A}.Release|iPhone.ActiveCfg = Release|Any CPU
		{86BCC3F8-D9BD-44B1-9581-80EB643C599A}.Release|iPhone.Build.0 = Release|Any CPU
		{86BCC3F8-D9BD-44B1-9581-80EB643C599A}.Release|iPhoneSimulator.ActiveCfg = Release|Any CPU
		{86BCC3F8-D9BD-44B1-9581-80EB643C599A}.Release|iPhoneSimulator.Build.0 = Release|Any CPU
		{86BCC3F8-D9BD-44B1-9581-80EB643C599A}.Release|x64.ActiveCfg = Release|Any CPU
		{86BCC3F8-D9BD-44B1-9581-80EB643C599A}.Release|x64.Build.0 = Release|Any CPU
		{86BCC3F8-D9BD-44B1-9581-80EB643C599A}.Release|x86.ActiveCfg = Release|Any CPU
		{86BCC3F8-D9BD-44B1-9581-80EB643C599A}.Release|x86.Build.0 = Release|Any CPU
	EndGlobalSection
	GlobalSection(SolutionProperties) = preSolution
		HideSolutionNode = FALSE
	EndGlobalSection
	GlobalSection(ExtensibilityGlobals) = postSolution
		SolutionGuid = {57CB3B71-B94A-483B-B420-88AA2316B2AE}
	EndGlobalSection
EndGlobal
