
Microsoft Visual Studio Solution File, Format Version 12.00
# Visual Studio 15
VisualStudioVersion = 15.0.27130.2024
MinimumVisualStudioVersion = 10.0.40219.1
Project("{9092AA53-FB77-4645-B42D-1CCCA6BD08BD}") = "TM.VUE", "TM.VUE\TM.VUE.njsproj", "{A6F593DA-EA1B-43C5-BE43-0E204090C9DC}"
EndProject
Project("{9A19103F-16F7-4668-BE54-9A1E7A4F7556}") = "TM.API", "TM.API\TM.API.csproj", "{F9BEDC62-8D21-4459-83AB-856CF3DC2F43}"
EndProject
Project("{00D1A9C2-B5F0-4AF3-8072-F6C62B433612}") = "TM.DB", "TM.DB\TM.DB.sqlproj", "{8B795303-AF5F-4652-9C21-4CE55B8B9925}"
EndProject
Project("{2150E333-8FDC-42A3-9474-1A3956D46DE8}") = "Solution Items", "Solution Items", "{6C402B94-F05A-42D6-8E83-05C4963B0CB1}"
	ProjectSection(SolutionItems) = preProject
		readme.md = readme.md
	EndProjectSection
EndProject
Project("{9A19103F-16F7-4668-BE54-9A1E7A4F7556}") = "TM.Data", "TM.Data\TM.Data.csproj", "{2A58B58F-A3FD-449B-8BA3-E5AC29BC21B4}"
EndProject
Project("{9A19103F-16F7-4668-BE54-9A1E7A4F7556}") = "TM.Domain", "TM.Domain\TM.Domain.csproj", "{FDACAB05-E602-4320-A256-29308DDB0118}"
EndProject
Project("{9A19103F-16F7-4668-BE54-9A1E7A4F7556}") = "TM.DTO", "TM.DTO\TM.DTO.csproj", "{86BCC3F8-D9BD-44B1-9581-80EB643C599A}"
EndProject
Project("{FAE04EC0-301F-11D3-BF4B-00C04F79EFBC}") = "TM.XAM.Android", "TM.XAM\TM.XAM.Android\TM.XAM.Android.csproj", "{722042DD-1179-4B57-8669-13C73EF50C19}"
EndProject
Project("{FAE04EC0-301F-11D3-BF4B-00C04F79EFBC}") = "TM.XAM.iOS", "TM.XAM\TM.XAM.iOS\TM.XAM.iOS.csproj", "{A90D5150-C45B-4D6F-8C6D-8FF1BB5D4DAC}"
EndProject
Project("{FAE04EC0-301F-11D3-BF4B-00C04F79EFBC}") = "TM.XAM.UWP", "TM.XAM\TM.XAM.UWP\TM.XAM.UWP.csproj", "{D3CE8AD5-E7D4-4558-9689-1F4D6CEED9B0}"
EndProject
Project("{D954291E-2A0B-460D-934E-DC6B0785DB48}") = "TM.XAM", "TM.XAM\TM.XAM\TM.XAM.shproj", "{310C3EF3-3914-47D6-8CD2-AB18787F1FEA}"
EndProject
Global
	GlobalSection(SharedMSBuildProjectFiles) = preSolution
		TM.XAM\TM.XAM\TM.XAM.projitems*{310c3ef3-3914-47d6-8cd2-ab18787f1fea}*SharedItemsImports = 13
		TM.XAM\TM.XAM\TM.XAM.projitems*{722042dd-1179-4b57-8669-13c73ef50c19}*SharedItemsImports = 4
		TM.XAM\TM.XAM\TM.XAM.projitems*{a90d5150-c45b-4d6f-8c6d-8ff1bb5d4dac}*SharedItemsImports = 4
		TM.XAM\TM.XAM\TM.XAM.projitems*{d3ce8ad5-e7d4-4558-9689-1f4d6ceed9b0}*SharedItemsImports = 4
	EndGlobalSection
	GlobalSection(SolutionConfigurationPlatforms) = preSolution
		Debug|Any CPU = Debug|Any CPU
		Debug|ARM = Debug|ARM
		Debug|iPhone = Debug|iPhone
		Debug|iPhoneSimulator = Debug|iPhoneSimulator
		Debug|x64 = Debug|x64
		Debug|x86 = Debug|x86
		Release|Any CPU = Release|Any CPU
		Release|ARM = Release|ARM
		Release|iPhone = Release|iPhone
		Release|iPhoneSimulator = Release|iPhoneSimulator
		Release|x64 = Release|x64
		Release|x86 = Release|x86
	EndGlobalSection
	GlobalSection(ProjectConfigurationPlatforms) = postSolution
		{A6F593DA-EA1B-43C5-BE43-0E204090C9DC}.Debug|Any CPU.ActiveCfg = Debug|Any CPU
		{A6F593DA-EA1B-43C5-BE43-0E204090C9DC}.Debug|Any CPU.Build.0 = Debug|Any CPU
		{A6F593DA-EA1B-43C5-BE43-0E204090C9DC}.Debug|ARM.ActiveCfg = Debug|Any CPU
		{A6F593DA-EA1B-43C5-BE43-0E204090C9DC}.Debug|ARM.Build.0 = Debug|Any CPU
		{A6F593DA-EA1B-43C5-BE43-0E204090C9DC}.Debug|iPhone.ActiveCfg = Debug|Any CPU
		{A6F593DA-EA1B-43C5-BE43-0E204090C9DC}.Debug|iPhone.Build.0 = Debug|Any CPU
		{A6F593DA-EA1B-43C5-BE43-0E204090C9DC}.Debug|iPhoneSimulator.ActiveCfg = Debug|Any CPU
		{A6F593DA-EA1B-43C5-BE43-0E204090C9DC}.Debug|iPhoneSimulator.Build.0 = Debug|Any CPU
		{A6F593DA-EA1B-43C5-BE43-0E204090C9DC}.Debug|x64.ActiveCfg = Debug|Any CPU
		{A6F593DA-EA1B-43C5-BE43-0E204090C9DC}.Debug|x64.Build.0 = Debug|Any CPU
		{A6F593DA-EA1B-43C5-BE43-0E204090C9DC}.Debug|x86.ActiveCfg = Debug|Any CPU
		{A6F593DA-EA1B-43C5-BE43-0E204090C9DC}.Debug|x86.Build.0 = Debug|Any CPU
		{A6F593DA-EA1B-43C5-BE43-0E204090C9DC}.Release|Any CPU.ActiveCfg = Release|Any CPU
		{A6F593DA-EA1B-43C5-BE43-0E204090C9DC}.Release|Any CPU.Build.0 = Release|Any CPU
		{A6F593DA-EA1B-43C5-BE43-0E204090C9DC}.Release|ARM.ActiveCfg = Release|Any CPU
		{A6F593DA-EA1B-43C5-BE43-0E204090C9DC}.Release|ARM.Build.0 = Release|Any CPU
		{A6F593DA-EA1B-43C5-BE43-0E204090C9DC}.Release|iPhone.ActiveCfg = Release|Any CPU
		{A6F593DA-EA1B-43C5-BE43-0E204090C9DC}.Release|iPhone.Build.0 = Release|Any CPU
		{A6F593DA-EA1B-43C5-BE43-0E204090C9DC}.Release|iPhoneSimulator.ActiveCfg = Release|Any CPU
		{A6F593DA-EA1B-43C5-BE43-0E204090C9DC}.Release|iPhoneSimulator.Build.0 = Release|Any CPU
		{A6F593DA-EA1B-43C5-BE43-0E204090C9DC}.Release|x64.ActiveCfg = Release|Any CPU
		{A6F593DA-EA1B-43C5-BE43-0E204090C9DC}.Release|x64.Build.0 = Release|Any CPU
		{A6F593DA-EA1B-43C5-BE43-0E204090C9DC}.Release|x86.ActiveCfg = Release|Any CPU
		{A6F593DA-EA1B-43C5-BE43-0E204090C9DC}.Release|x86.Build.0 = Release|Any CPU
		{F9BEDC62-8D21-4459-83AB-856CF3DC2F43}.Debug|Any CPU.ActiveCfg = Debug|Any CPU
		{F9BEDC62-8D21-4459-83AB-856CF3DC2F43}.Debug|Any CPU.Build.0 = Debug|Any CPU
		{F9BEDC62-8D21-4459-83AB-856CF3DC2F43}.Debug|ARM.ActiveCfg = Debug|Any CPU
		{F9BEDC62-8D21-4459-83AB-856CF3DC2F43}.Debug|ARM.Build.0 = Debug|Any CPU
		{F9BEDC62-8D21-4459-83AB-856CF3DC2F43}.Debug|iPhone.ActiveCfg = Debug|Any CPU
		{F9BEDC62-8D21-4459-83AB-856CF3DC2F43}.Debug|iPhone.Build.0 = Debug|Any CPU
		{F9BEDC62-8D21-4459-83AB-856CF3DC2F43}.Debug|iPhoneSimulator.ActiveCfg = Debug|Any CPU
		{F9BEDC62-8D21-4459-83AB-856CF3DC2F43}.Debug|iPhoneSimulator.Build.0 = Debug|Any CPU
		{F9BEDC62-8D21-4459-83AB-856CF3DC2F43}.Debug|x64.ActiveCfg = Debug|Any CPU
		{F9BEDC62-8D21-4459-83AB-856CF3DC2F43}.Debug|x64.Build.0 = Debug|Any CPU
		{F9BEDC62-8D21-4459-83AB-856CF3DC2F43}.Debug|x86.ActiveCfg = Debug|Any CPU
		{F9BEDC62-8D21-4459-83AB-856CF3DC2F43}.Debug|x86.Build.0 = Debug|Any CPU
		{F9BEDC62-8D21-4459-83AB-856CF3DC2F43}.Release|Any CPU.ActiveCfg = Release|Any CPU
		{F9BEDC62-8D21-4459-83AB-856CF3DC2F43}.Release|Any CPU.Build.0 = Release|Any CPU
		{F9BEDC62-8D21-4459-83AB-856CF3DC2F43}.Release|ARM.ActiveCfg = Release|Any CPU
		{F9BEDC62-8D21-4459-83AB-856CF3DC2F43}.Release|ARM.Build.0 = Release|Any CPU
		{F9BEDC62-8D21-4459-83AB-856CF3DC2F43}.Release|iPhone.ActiveCfg = Release|Any CPU
		{F9BEDC62-8D21-4459-83AB-856CF3DC2F43}.Release|iPhone.Build.0 = Release|Any CPU
		{F9BEDC62-8D21-4459-83AB-856CF3DC2F43}.Release|iPhoneSimulator.ActiveCfg = Release|Any CPU
		{F9BEDC62-8D21-4459-83AB-856CF3DC2F43}.Release|iPhoneSimulator.Build.0 = Release|Any CPU
		{F9BEDC62-8D21-4459-83AB-856CF3DC2F43}.Release|x64.ActiveCfg = Release|Any CPU
		{F9BEDC62-8D21-4459-83AB-856CF3DC2F43}.Release|x64.Build.0 = Release|Any CPU
		{F9BEDC62-8D21-4459-83AB-856CF3DC2F43}.Release|x86.ActiveCfg = Release|Any CPU
		{F9BEDC62-8D21-4459-83AB-856CF3DC2F43}.Release|x86.Build.0 = Release|Any CPU
		{8B795303-AF5F-4652-9C21-4CE55B8B9925}.Debug|Any CPU.ActiveCfg = Debug|Any CPU
		{8B795303-AF5F-4652-9C21-4CE55B8B9925}.Debug|Any CPU.Build.0 = Debug|Any CPU
		{8B795303-AF5F-4652-9C21-4CE55B8B9925}.Debug|Any CPU.Deploy.0 = Debug|Any CPU
		{8B795303-AF5F-4652-9C21-4CE55B8B9925}.Debug|ARM.ActiveCfg = Debug|Any CPU
		{8B795303-AF5F-4652-9C21-4CE55B8B9925}.Debug|ARM.Build.0 = Debug|Any CPU
		{8B795303-AF5F-4652-9C21-4CE55B8B9925}.Debug|ARM.Deploy.0 = Debug|Any CPU
		{8B795303-AF5F-4652-9C21-4CE55B8B9925}.Debug|iPhone.ActiveCfg = Debug|Any CPU
		{8B795303-AF5F-4652-9C21-4CE55B8B9925}.Debug|iPhone.Build.0 = Debug|Any CPU
		{8B795303-AF5F-4652-9C21-4CE55B8B9925}.Debug|iPhone.Deploy.0 = Debug|Any CPU
		{8B795303-AF5F-4652-9C21-4CE55B8B9925}.Debug|iPhoneSimulator.ActiveCfg = Debug|Any CPU
		{8B795303-AF5F-4652-9C21-4CE55B8B9925}.Debug|iPhoneSimulator.Build.0 = Debug|Any CPU
		{8B795303-AF5F-4652-9C21-4CE55B8B9925}.Debug|iPhoneSimulator.Deploy.0 = Debug|Any CPU
		{8B795303-AF5F-4652-9C21-4CE55B8B9925}.Debug|x64.ActiveCfg = Debug|Any CPU
		{8B795303-AF5F-4652-9C21-4CE55B8B9925}.Debug|x64.Build.0 = Debug|Any CPU
		{8B795303-AF5F-4652-9C21-4CE55B8B9925}.Debug|x64.Deploy.0 = Debug|Any CPU
		{8B795303-AF5F-4652-9C21-4CE55B8B9925}.Debug|x86.ActiveCfg = Debug|Any CPU
		{8B795303-AF5F-4652-9C21-4CE55B8B9925}.Debug|x86.Build.0 = Debug|Any CPU
		{8B795303-AF5F-4652-9C21-4CE55B8B9925}.Debug|x86.Deploy.0 = Debug|Any CPU
		{8B795303-AF5F-4652-9C21-4CE55B8B9925}.Release|Any CPU.ActiveCfg = Release|Any CPU
		{8B795303-AF5F-4652-9C21-4CE55B8B9925}.Release|Any CPU.Build.0 = Release|Any CPU
		{8B795303-AF5F-4652-9C21-4CE55B8B9925}.Release|Any CPU.Deploy.0 = Release|Any CPU
		{8B795303-AF5F-4652-9C21-4CE55B8B9925}.Release|ARM.ActiveCfg = Release|Any CPU
		{8B795303-AF5F-4652-9C21-4CE55B8B9925}.Release|ARM.Build.0 = Release|Any CPU
		{8B795303-AF5F-4652-9C21-4CE55B8B9925}.Release|ARM.Deploy.0 = Release|Any CPU
		{8B795303-AF5F-4652-9C21-4CE55B8B9925}.Release|iPhone.ActiveCfg = Release|Any CPU
		{8B795303-AF5F-4652-9C21-4CE55B8B9925}.Release|iPhone.Build.0 = Release|Any CPU
		{8B795303-AF5F-4652-9C21-4CE55B8B9925}.Release|iPhone.Deploy.0 = Release|Any CPU
		{8B795303-AF5F-4652-9C21-4CE55B8B9925}.Release|iPhoneSimulator.ActiveCfg = Release|Any CPU
		{8B795303-AF5F-4652-9C21-4CE55B8B9925}.Release|iPhoneSimulator.Build.0 = Release|Any CPU
		{8B795303-AF5F-4652-9C21-4CE55B8B9925}.Release|iPhoneSimulator.Deploy.0 = Release|Any CPU
		{8B795303-AF5F-4652-9C21-4CE55B8B9925}.Release|x64.ActiveCfg = Release|Any CPU
		{8B795303-AF5F-4652-9C21-4CE55B8B9925}.Release|x64.Build.0 = Release|Any CPU
		{8B795303-AF5F-4652-9C21-4CE55B8B9925}.Release|x64.Deploy.0 = Release|Any CPU
		{8B795303-AF5F-4652-9C21-4CE55B8B9925}.Release|x86.ActiveCfg = Release|Any CPU
		{8B795303-AF5F-4652-9C21-4CE55B8B9925}.Release|x86.Build.0 = Release|Any CPU
		{8B795303-AF5F-4652-9C21-4CE55B8B9925}.Release|x86.Deploy.0 = Release|Any CPU
		{2A58B58F-A3FD-449B-8BA3-E5AC29BC21B4}.Debug|Any CPU.ActiveCfg = Debug|Any CPU
		{2A58B58F-A3FD-449B-8BA3-E5AC29BC21B4}.Debug|Any CPU.Build.0 = Debug|Any CPU
		{2A58B58F-A3FD-449B-8BA3-E5AC29BC21B4}.Debug|ARM.ActiveCfg = Debug|Any CPU
		{2A58B58F-A3FD-449B-8BA3-E5AC29BC21B4}.Debug|ARM.Build.0 = Debug|Any CPU
		{2A58B58F-A3FD-449B-8BA3-E5AC29BC21B4}.Debug|iPhone.ActiveCfg = Debug|Any CPU
		{2A58B58F-A3FD-449B-8BA3-E5AC29BC21B4}.Debug|iPhone.Build.0 = Debug|Any CPU
		{2A58B58F-A3FD-449B-8BA3-E5AC29BC21B4}.Debug|iPhoneSimulator.ActiveCfg = Debug|Any CPU
		{2A58B58F-A3FD-449B-8BA3-E5AC29BC21B4}.Debug|iPhoneSimulator.Build.0 = Debug|Any CPU
		{2A58B58F-A3FD-449B-8BA3-E5AC29BC21B4}.Debug|x64.ActiveCfg = Debug|Any CPU
		{2A58B58F-A3FD-449B-8BA3-E5AC29BC21B4}.Debug|x64.Build.0 = Debug|Any CPU
		{2A58B58F-A3FD-449B-8BA3-E5AC29BC21B4}.Debug|x86.ActiveCfg = Debug|Any CPU
		{2A58B58F-A3FD-449B-8BA3-E5AC29BC21B4}.Debug|x86.Build.0 = Debug|Any CPU
		{2A58B58F-A3FD-449B-8BA3-E5AC29BC21B4}.Release|Any CPU.ActiveCfg = Release|Any CPU
		{2A58B58F-A3FD-449B-8BA3-E5AC29BC21B4}.Release|Any CPU.Build.0 = Release|Any CPU
		{2A58B58F-A3FD-449B-8BA3-E5AC29BC21B4}.Release|ARM.ActiveCfg = Release|Any CPU
		{2A58B58F-A3FD-449B-8BA3-E5AC29BC21B4}.Release|ARM.Build.0 = Release|Any CPU
		{2A58B58F-A3FD-449B-8BA3-E5AC29BC21B4}.Release|iPhone.ActiveCfg = Release|Any CPU
		{2A58B58F-A3FD-449B-8BA3-E5AC29BC21B4}.Release|iPhone.Build.0 = Release|Any CPU
		{2A58B58F-A3FD-449B-8BA3-E5AC29BC21B4}.Release|iPhoneSimulator.ActiveCfg = Release|Any CPU
		{2A58B58F-A3FD-449B-8BA3-E5AC29BC21B4}.Release|iPhoneSimulator.Build.0 = Release|Any CPU
		{2A58B58F-A3FD-449B-8BA3-E5AC29BC21B4}.Release|x64.ActiveCfg = Release|Any CPU
		{2A58B58F-A3FD-449B-8BA3-E5AC29BC21B4}.Release|x64.Build.0 = Release|Any CPU
		{2A58B58F-A3FD-449B-8BA3-E5AC29BC21B4}.Release|x86.ActiveCfg = Release|Any CPU
		{2A58B58F-A3FD-449B-8BA3-E5AC29BC21B4}.Release|x86.Build.0 = Release|Any CPU
		{FDACAB05-E602-4320-A256-29308DDB0118}.Debug|Any CPU.ActiveCfg = Debug|Any CPU
		{FDACAB05-E602-4320-A256-29308DDB0118}.Debug|Any CPU.Build.0 = Debug|Any CPU
		{FDACAB05-E602-4320-A256-29308DDB0118}.Debug|ARM.ActiveCfg = Debug|Any CPU
		{FDACAB05-E602-4320-A256-29308DDB0118}.Debug|ARM.Build.0 = Debug|Any CPU
		{FDACAB05-E602-4320-A256-29308DDB0118}.Debug|iPhone.ActiveCfg = Debug|Any CPU
		{FDACAB05-E602-4320-A256-29308DDB0118}.Debug|iPhone.Build.0 = Debug|Any CPU
		{FDACAB05-E602-4320-A256-29308DDB0118}.Debug|iPhoneSimulator.ActiveCfg = Debug|Any CPU
		{FDACAB05-E602-4320-A256-29308DDB0118}.Debug|iPhoneSimulator.Build.0 = Debug|Any CPU
		{FDACAB05-E602-4320-A256-29308DDB0118}.Debug|x64.ActiveCfg = Debug|Any CPU
		{FDACAB05-E602-4320-A256-29308DDB0118}.Debug|x64.Build.0 = Debug|Any CPU
		{FDACAB05-E602-4320-A256-29308DDB0118}.Debug|x86.ActiveCfg = Debug|Any CPU
		{FDACAB05-E602-4320-A256-29308DDB0118}.Debug|x86.Build.0 = Debug|Any CPU
		{FDACAB05-E602-4320-A256-29308DDB0118}.Release|Any CPU.ActiveCfg = Release|Any CPU
		{FDACAB05-E602-4320-A256-29308DDB0118}.Release|Any CPU.Build.0 = Release|Any CPU
		{FDACAB05-E602-4320-A256-29308DDB0118}.Release|ARM.ActiveCfg = Release|Any CPU
		{FDACAB05-E602-4320-A256-29308DDB0118}.Release|ARM.Build.0 = Release|Any CPU
		{FDACAB05-E602-4320-A256-29308DDB0118}.Release|iPhone.ActiveCfg = Release|Any CPU
		{FDACAB05-E602-4320-A256-29308DDB0118}.Release|iPhone.Build.0 = Release|Any CPU
		{FDACAB05-E602-4320-A256-29308DDB0118}.Release|iPhoneSimulator.ActiveCfg = Release|Any CPU
		{FDACAB05-E602-4320-A256-29308DDB0118}.Release|iPhoneSimulator.Build.0 = Release|Any CPU
		{FDACAB05-E602-4320-A256-29308DDB0118}.Release|x64.ActiveCfg = Release|Any CPU
		{FDACAB05-E602-4320-A256-29308DDB0118}.Release|x64.Build.0 = Release|Any CPU
		{FDACAB05-E602-4320-A256-29308DDB0118}.Release|x86.ActiveCfg = Release|Any CPU
		{FDACAB05-E602-4320-A256-29308DDB0118}.Release|x86.Build.0 = Release|Any CPU
		{86BCC3F8-D9BD-44B1-9581-80EB643C599A}.Debug|Any CPU.ActiveCfg = Debug|Any CPU
		{86BCC3F8-D9BD-44B1-9581-80EB643C599A}.Debug|Any CPU.Build.0 = Debug|Any CPU
		{86BCC3F8-D9BD-44B1-9581-80EB643C599A}.Debug|ARM.ActiveCfg = Debug|Any CPU
		{86BCC3F8-D9BD-44B1-9581-80EB643C599A}.Debug|ARM.Build.0 = Debug|Any CPU
		{86BCC3F8-D9BD-44B1-9581-80EB643C599A}.Debug|iPhone.ActiveCfg = Debug|Any CPU
		{86BCC3F8-D9BD-44B1-9581-80EB643C599A}.Debug|iPhone.Build.0 = Debug|Any CPU
		{86BCC3F8-D9BD-44B1-9581-80EB643C599A}.Debug|iPhoneSimulator.ActiveCfg = Debug|Any CPU
		{86BCC3F8-D9BD-44B1-9581-80EB643C599A}.Debug|iPhoneSimulator.Build.0 = Debug|Any CPU
		{86BCC3F8-D9BD-44B1-9581-80EB643C599A}.Debug|x64.ActiveCfg = Debug|Any CPU
		{86BCC3F8-D9BD-44B1-9581-80EB643C599A}.Debug|x64.Build.0 = Debug|Any CPU
		{86BCC3F8-D9BD-44B1-9581-80EB643C599A}.Debug|x86.ActiveCfg = Debug|Any CPU
		{86BCC3F8-D9BD-44B1-9581-80EB643C599A}.Debug|x86.Build.0 = Debug|Any CPU
		{86BCC3F8-D9BD-44B1-9581-80EB643C599A}.Release|Any CPU.ActiveCfg = Release|Any CPU
		{86BCC3F8-D9BD-44B1-9581-80EB643C599A}.Release|Any CPU.Build.0 = Release|Any CPU
		{86BCC3F8-D9BD-44B1-9581-80EB643C599A}.Release|ARM.ActiveCfg = Release|Any CPU
		{86BCC3F8-D9BD-44B1-9581-80EB643C599A}.Release|ARM.Build.0 = Release|Any CPU
		{86BCC3F8-D9BD-44B1-9581-80EB643C599A}.Release|iPhone.ActiveCfg = Release|Any CPU
		{86BCC3F8-D9BD-44B1-9581-80EB643C599A}.Release|iPhone.Build.0 = Release|Any CPU
		{86BCC3F8-D9BD-44B1-9581-80EB643C599A}.Release|iPhoneSimulator.ActiveCfg = Release|Any CPU
		{86BCC3F8-D9BD-44B1-9581-80EB643C599A}.Release|iPhoneSimulator.Build.0 = Release|Any CPU
		{86BCC3F8-D9BD-44B1-9581-80EB643C599A}.Release|x64.ActiveCfg = Release|Any CPU
		{86BCC3F8-D9BD-44B1-9581-80EB643C599A}.Release|x64.Build.0 = Release|Any CPU
		{86BCC3F8-D9BD-44B1-9581-80EB643C599A}.Release|x86.ActiveCfg = Release|Any CPU
		{86BCC3F8-D9BD-44B1-9581-80EB643C599A}.Release|x86.Build.0 = Release|Any CPU
		{722042DD-1179-4B57-8669-13C73EF50C19}.Debug|Any CPU.ActiveCfg = Debug|Any CPU
		{722042DD-1179-4B57-8669-13C73EF50C19}.Debug|Any CPU.Build.0 = Debug|Any CPU
		{722042DD-1179-4B57-8669-13C73EF50C19}.Debug|Any CPU.Deploy.0 = Debug|Any CPU
		{722042DD-1179-4B57-8669-13C73EF50C19}.Debug|ARM.ActiveCfg = Debug|Any CPU
		{722042DD-1179-4B57-8669-13C73EF50C19}.Debug|ARM.Build.0 = Debug|Any CPU
		{722042DD-1179-4B57-8669-13C73EF50C19}.Debug|ARM.Deploy.0 = Debug|Any CPU
		{722042DD-1179-4B57-8669-13C73EF50C19}.Debug|iPhone.ActiveCfg = Debug|Any CPU
		{722042DD-1179-4B57-8669-13C73EF50C19}.Debug|iPhone.Build.0 = Debug|Any CPU
		{722042DD-1179-4B57-8669-13C73EF50C19}.Debug|iPhone.Deploy.0 = Debug|Any CPU
		{722042DD-1179-4B57-8669-13C73EF50C19}.Debug|iPhoneSimulator.ActiveCfg = Debug|Any CPU
		{722042DD-1179-4B57-8669-13C73EF50C19}.Debug|iPhoneSimulator.Build.0 = Debug|Any CPU
		{722042DD-1179-4B57-8669-13C73EF50C19}.Debug|iPhoneSimulator.Deploy.0 = Debug|Any CPU
		{722042DD-1179-4B57-8669-13C73EF50C19}.Debug|x64.ActiveCfg = Debug|Any CPU
		{722042DD-1179-4B57-8669-13C73EF50C19}.Debug|x64.Build.0 = Debug|Any CPU
		{722042DD-1179-4B57-8669-13C73EF50C19}.Debug|x64.Deploy.0 = Debug|Any CPU
		{722042DD-1179-4B57-8669-13C73EF50C19}.Debug|x86.ActiveCfg = Debug|Any CPU
		{722042DD-1179-4B57-8669-13C73EF50C19}.Debug|x86.Build.0 = Debug|Any CPU
		{722042DD-1179-4B57-8669-13C73EF50C19}.Debug|x86.Deploy.0 = Debug|Any CPU
		{722042DD-1179-4B57-8669-13C73EF50C19}.Release|Any CPU.ActiveCfg = Release|Any CPU
		{722042DD-1179-4B57-8669-13C73EF50C19}.Release|Any CPU.Build.0 = Release|Any CPU
		{722042DD-1179-4B57-8669-13C73EF50C19}.Release|Any CPU.Deploy.0 = Release|Any CPU
		{722042DD-1179-4B57-8669-13C73EF50C19}.Release|ARM.ActiveCfg = Release|Any CPU
		{722042DD-1179-4B57-8669-13C73EF50C19}.Release|ARM.Build.0 = Release|Any CPU
		{722042DD-1179-4B57-8669-13C73EF50C19}.Release|ARM.Deploy.0 = Release|Any CPU
		{722042DD-1179-4B57-8669-13C73EF50C19}.Release|iPhone.ActiveCfg = Release|Any CPU
		{722042DD-1179-4B57-8669-13C73EF50C19}.Release|iPhone.Build.0 = Release|Any CPU
		{722042DD-1179-4B57-8669-13C73EF50C19}.Release|iPhone.Deploy.0 = Release|Any CPU
		{722042DD-1179-4B57-8669-13C73EF50C19}.Release|iPhoneSimulator.ActiveCfg = Release|Any CPU
		{722042DD-1179-4B57-8669-13C73EF50C19}.Release|iPhoneSimulator.Build.0 = Release|Any CPU
		{722042DD-1179-4B57-8669-13C73EF50C19}.Release|iPhoneSimulator.Deploy.0 = Release|Any CPU
		{722042DD-1179-4B57-8669-13C73EF50C19}.Release|x64.ActiveCfg = Release|Any CPU
		{722042DD-1179-4B57-8669-13C73EF50C19}.Release|x64.Build.0 = Release|Any CPU
		{722042DD-1179-4B57-8669-13C73EF50C19}.Release|x64.Deploy.0 = Release|Any CPU
		{722042DD-1179-4B57-8669-13C73EF50C19}.Release|x86.ActiveCfg = Release|Any CPU
		{722042DD-1179-4B57-8669-13C73EF50C19}.Release|x86.Build.0 = Release|Any CPU
		{722042DD-1179-4B57-8669-13C73EF50C19}.Release|x86.Deploy.0 = Release|Any CPU
		{A90D5150-C45B-4D6F-8C6D-8FF1BB5D4DAC}.Debug|Any CPU.ActiveCfg = Debug|iPhone
		{A90D5150-C45B-4D6F-8C6D-8FF1BB5D4DAC}.Debug|ARM.ActiveCfg = Debug|iPhone
		{A90D5150-C45B-4D6F-8C6D-8FF1BB5D4DAC}.Debug|iPhone.ActiveCfg = Debug|iPhone
		{A90D5150-C45B-4D6F-8C6D-8FF1BB5D4DAC}.Debug|iPhone.Build.0 = Debug|iPhone
		{A90D5150-C45B-4D6F-8C6D-8FF1BB5D4DAC}.Debug|iPhoneSimulator.ActiveCfg = Debug|iPhoneSimulator
		{A90D5150-C45B-4D6F-8C6D-8FF1BB5D4DAC}.Debug|iPhoneSimulator.Build.0 = Debug|iPhoneSimulator
		{A90D5150-C45B-4D6F-8C6D-8FF1BB5D4DAC}.Debug|x64.ActiveCfg = Debug|iPhone
		{A90D5150-C45B-4D6F-8C6D-8FF1BB5D4DAC}.Debug|x86.ActiveCfg = Debug|iPhone
		{A90D5150-C45B-4D6F-8C6D-8FF1BB5D4DAC}.Release|Any CPU.ActiveCfg = Release|iPhone
		{A90D5150-C45B-4D6F-8C6D-8FF1BB5D4DAC}.Release|ARM.ActiveCfg = Release|iPhone
		{A90D5150-C45B-4D6F-8C6D-8FF1BB5D4DAC}.Release|iPhone.ActiveCfg = Release|iPhone
		{A90D5150-C45B-4D6F-8C6D-8FF1BB5D4DAC}.Release|iPhone.Build.0 = Release|iPhone
		{A90D5150-C45B-4D6F-8C6D-8FF1BB5D4DAC}.Release|iPhoneSimulator.ActiveCfg = Release|iPhoneSimulator
		{A90D5150-C45B-4D6F-8C6D-8FF1BB5D4DAC}.Release|iPhoneSimulator.Build.0 = Release|iPhoneSimulator
		{A90D5150-C45B-4D6F-8C6D-8FF1BB5D4DAC}.Release|x64.ActiveCfg = Release|iPhone
		{A90D5150-C45B-4D6F-8C6D-8FF1BB5D4DAC}.Release|x86.ActiveCfg = Release|iPhone
		{D3CE8AD5-E7D4-4558-9689-1F4D6CEED9B0}.Debug|Any CPU.ActiveCfg = Debug|x86
		{D3CE8AD5-E7D4-4558-9689-1F4D6CEED9B0}.Debug|ARM.ActiveCfg = Debug|ARM
		{D3CE8AD5-E7D4-4558-9689-1F4D6CEED9B0}.Debug|ARM.Build.0 = Debug|ARM
		{D3CE8AD5-E7D4-4558-9689-1F4D6CEED9B0}.Debug|ARM.Deploy.0 = Debug|ARM
		{D3CE8AD5-E7D4-4558-9689-1F4D6CEED9B0}.Debug|iPhone.ActiveCfg = Debug|x86
		{D3CE8AD5-E7D4-4558-9689-1F4D6CEED9B0}.Debug|iPhoneSimulator.ActiveCfg = Debug|x86
		{D3CE8AD5-E7D4-4558-9689-1F4D6CEED9B0}.Debug|x64.ActiveCfg = Debug|x64
		{D3CE8AD5-E7D4-4558-9689-1F4D6CEED9B0}.Debug|x64.Build.0 = Debug|x64
		{D3CE8AD5-E7D4-4558-9689-1F4D6CEED9B0}.Debug|x64.Deploy.0 = Debug|x64
		{D3CE8AD5-E7D4-4558-9689-1F4D6CEED9B0}.Debug|x86.ActiveCfg = Debug|x86
		{D3CE8AD5-E7D4-4558-9689-1F4D6CEED9B0}.Debug|x86.Build.0 = Debug|x86
		{D3CE8AD5-E7D4-4558-9689-1F4D6CEED9B0}.Debug|x86.Deploy.0 = Debug|x86
		{D3CE8AD5-E7D4-4558-9689-1F4D6CEED9B0}.Release|Any CPU.ActiveCfg = Release|x86
		{D3CE8AD5-E7D4-4558-9689-1F4D6CEED9B0}.Release|ARM.ActiveCfg = Release|ARM
		{D3CE8AD5-E7D4-4558-9689-1F4D6CEED9B0}.Release|ARM.Build.0 = Release|ARM
		{D3CE8AD5-E7D4-4558-9689-1F4D6CEED9B0}.Release|ARM.Deploy.0 = Release|ARM
		{D3CE8AD5-E7D4-4558-9689-1F4D6CEED9B0}.Release|iPhone.ActiveCfg = Release|x86
		{D3CE8AD5-E7D4-4558-9689-1F4D6CEED9B0}.Release|iPhoneSimulator.ActiveCfg = Release|x86
		{D3CE8AD5-E7D4-4558-9689-1F4D6CEED9B0}.Release|x64.ActiveCfg = Release|x64
		{D3CE8AD5-E7D4-4558-9689-1F4D6CEED9B0}.Release|x64.Build.0 = Release|x64
		{D3CE8AD5-E7D4-4558-9689-1F4D6CEED9B0}.Release|x64.Deploy.0 = Release|x64
		{D3CE8AD5-E7D4-4558-9689-1F4D6CEED9B0}.Release|x86.ActiveCfg = Release|x86
		{D3CE8AD5-E7D4-4558-9689-1F4D6CEED9B0}.Release|x86.Build.0 = Release|x86
		{D3CE8AD5-E7D4-4558-9689-1F4D6CEED9B0}.Release|x86.Deploy.0 = Release|x86
	EndGlobalSection
	GlobalSection(SolutionProperties) = preSolution
		HideSolutionNode = FALSE
	EndGlobalSection
	GlobalSection(ExtensibilityGlobals) = postSolution
		SolutionGuid = {57CB3B71-B94A-483B-B420-88AA2316B2AE}
	EndGlobalSection
EndGlobal
