
Microsoft Visual Studio Solution File, Format Version 12.00
# Visual Studio 15
VisualStudioVersion = 15.0.27130.2024
MinimumVisualStudioVersion = 10.0.40219.1
Project("{9092AA53-FB77-4645-B42D-1CCCA6BD08BD}") = "TM.VUE", "TM.VUE\TM.VUE.njsproj", "{A6F593DA-EA1B-43C5-BE43-0E204090C9DC}"
EndProject
Project("{9A19103F-16F7-4668-BE54-9A1E7A4F7556}") = "TM.API", "TM.API\TM.API.csproj", "{F9BEDC62-8D21-4459-83AB-856CF3DC2F43}"
EndProject
Project("{00D1A9C2-B5F0-4AF3-8072-F6C62B433612}") = "TM.DB", "TM.DB\TM.DB.sqlproj", "{8B795303-AF5F-4652-9C21-4CE55B8B9925}"
EndProject
Project("{2150E333-8FDC-42A3-9474-1A3956D46DE8}") = "Solution Items", "Solution Items", "{6C402B94-F05A-42D6-8E83-05C4963B0CB1}"
	ProjectSection(SolutionItems) = preProject
		readme.md = readme.md
	EndProjectSection
EndProject
Project("{9A19103F-16F7-4668-BE54-9A1E7A4F7556}") = "TM.Data", "TM.Data\TM.Data.csproj", "{2A58B58F-A3FD-449B-8BA3-E5AC29BC21B4}"
EndProject
Project("{9A19103F-16F7-4668-BE54-9A1E7A4F7556}") = "TM.Domain", "TM.Domain\TM.Domain.csproj", "{FDACAB05-E602-4320-A256-29308DDB0118}"
EndProject
Project("{9A19103F-16F7-4668-BE54-9A1E7A4F7556}") = "TM.DTO", "TM.DTO\TM.DTO.csproj", "{86BCC3F8-D9BD-44B1-9581-80EB643C599A}"
EndProject
Project("{FAE04EC0-301F-11D3-BF4B-00C04F79EFBC}") = "TM.XAM.Android", "TM.XAM\TM.XAM.Android\TM.XAM.Android.csproj", "{C0BC91CF-582A-46A1-A9F4-9DCCB77E30AF}"
EndProject
Project("{FAE04EC0-301F-11D3-BF4B-00C04F79EFBC}") = "TM.XAM.iOS", "TM.XAM\TM.XAM.iOS\TM.XAM.iOS.csproj", "{D66363AD-7301-4BDB-B5EF-77E42D54AAC8}"
EndProject
Project("{FAE04EC0-301F-11D3-BF4B-00C04F79EFBC}") = "TM.XAM.UWP", "TM.XAM\TM.XAM.UWP\TM.XAM.UWP.csproj", "{EF9E2195-475D-40EB-9936-6E293FBAE7F9}"
EndProject
Project("{FAE04EC0-301F-11D3-BF4B-00C04F79EFBC}") = "TM.XAM", "TM.XAM\TM.XAM\TM.XAM.csproj", "{D70DA6FC-B260-44B4-B523-0CFEEFF6F7A8}"
EndProject
Global
	GlobalSection(SolutionConfigurationPlatforms) = preSolution
		Debug|Any CPU = Debug|Any CPU
		Debug|ARM = Debug|ARM
		Debug|iPhone = Debug|iPhone
		Debug|iPhoneSimulator = Debug|iPhoneSimulator
		Debug|x64 = Debug|x64
		Debug|x86 = Debug|x86
		Release|Any CPU = Release|Any CPU
		Release|ARM = Release|ARM
		Release|iPhone = Release|iPhone
		Release|iPhoneSimulator = Release|iPhoneSimulator
		Release|x64 = Release|x64
		Release|x86 = Release|x86
	EndGlobalSection
	GlobalSection(ProjectConfigurationPlatforms) = postSolution
		{A6F593DA-EA1B-43C5-BE43-0E204090C9DC}.Debug|Any CPU.ActiveCfg = Debug|Any CPU
		{A6F593DA-EA1B-43C5-BE43-0E204090C9DC}.Debug|Any CPU.Build.0 = Debug|Any CPU
		{A6F593DA-EA1B-43C5-BE43-0E204090C9DC}.Debug|ARM.ActiveCfg = Debug|Any CPU
		{A6F593DA-EA1B-43C5-BE43-0E204090C9DC}.Debug|ARM.Build.0 = Debug|Any CPU
		{A6F593DA-EA1B-43C5-BE43-0E204090C9DC}.Debug|iPhone.ActiveCfg = Debug|Any CPU
		{A6F593DA-EA1B-43C5-BE43-0E204090C9DC}.Debug|iPhone.Build.0 = Debug|Any CPU
		{A6F593DA-EA1B-43C5-BE43-0E204090C9DC}.Debug|iPhoneSimulator.ActiveCfg = Debug|Any CPU
		{A6F593DA-EA1B-43C5-BE43-0E204090C9DC}.Debug|iPhoneSimulator.Build.0 = Debug|Any CPU
		{A6F593DA-EA1B-43C5-BE43-0E204090C9DC}.Debug|x64.ActiveCfg = Debug|Any CPU
		{A6F593DA-EA1B-43C5-BE43-0E204090C9DC}.Debug|x64.Build.0 = Debug|Any CPU
		{A6F593DA-EA1B-43C5-BE43-0E204090C9DC}.Debug|x86.ActiveCfg = Debug|Any CPU
		{A6F593DA-EA1B-43C5-BE43-0E204090C9DC}.Debug|x86.Build.0 = Debug|Any CPU
		{A6F593DA-EA1B-43C5-BE43-0E204090C9DC}.Release|Any CPU.ActiveCfg = Release|Any CPU
		{A6F593DA-EA1B-43C5-BE43-0E204090C9DC}.Release|Any CPU.Build.0 = Release|Any CPU
		{A6F593DA-EA1B-43C5-BE43-0E204090C9DC}.Release|ARM.ActiveCfg = Release|Any CPU
		{A6F593DA-EA1B-43C5-BE43-0E204090C9DC}.Release|ARM.Build.0 = Release|Any CPU
		{A6F593DA-EA1B-43C5-BE43-0E204090C9DC}.Release|iPhone.ActiveCfg = Release|Any CPU
		{A6F593DA-EA1B-43C5-BE43-0E204090C9DC}.Release|iPhone.Build.0 = Release|Any CPU
		{A6F593DA-EA1B-43C5-BE43-0E204090C9DC}.Release|iPhoneSimulator.ActiveCfg = Release|Any CPU
		{A6F593DA-EA1B-43C5-BE43-0E204090C9DC}.Release|iPhoneSimulator.Build.0 = Release|Any CPU
		{A6F593DA-EA1B-43C5-BE43-0E204090C9DC}.Release|x64.ActiveCfg = Release|Any CPU
		{A6F593DA-EA1B-43C5-BE43-0E204090C9DC}.Release|x64.Build.0 = Release|Any CPU
		{A6F593DA-EA1B-43C5-BE43-0E204090C9DC}.Release|x86.ActiveCfg = Release|Any CPU
		{A6F593DA-EA1B-43C5-BE43-0E204090C9DC}.Release|x86.Build.0 = Release|Any CPU
		{F9BEDC62-8D21-4459-83AB-856CF3DC2F43}.Debug|Any CPU.ActiveCfg = Debug|Any CPU
		{F9BEDC62-8D21-4459-83AB-856CF3DC2F43}.Debug|Any CPU.Build.0 = Debug|Any CPU
		{F9BEDC62-8D21-4459-83AB-856CF3DC2F43}.Debug|ARM.ActiveCfg = Debug|Any CPU
		{F9BEDC62-8D21-4459-83AB-856CF3DC2F43}.Debug|ARM.Build.0 = Debug|Any CPU
		{F9BEDC62-8D21-4459-83AB-856CF3DC2F43}.Debug|iPhone.ActiveCfg = Debug|Any CPU
		{F9BEDC62-8D21-4459-83AB-856CF3DC2F43}.Debug|iPhone.Build.0 = Debug|Any CPU
		{F9BEDC62-8D21-4459-83AB-856CF3DC2F43}.Debug|iPhoneSimulator.ActiveCfg = Debug|Any CPU
		{F9BEDC62-8D21-4459-83AB-856CF3DC2F43}.Debug|iPhoneSimulator.Build.0 = Debug|Any CPU
		{F9BEDC62-8D21-4459-83AB-856CF3DC2F43}.Debug|x64.ActiveCfg = Debug|Any CPU
		{F9BEDC62-8D21-4459-83AB-856CF3DC2F43}.Debug|x64.Build.0 = Debug|Any CPU
		{F9BEDC62-8D21-4459-83AB-856CF3DC2F43}.Debug|x86.ActiveCfg = Debug|Any CPU
		{F9BEDC62-8D21-4459-83AB-856CF3DC2F43}.Debug|x86.Build.0 = Debug|Any CPU
		{F9BEDC62-8D21-4459-83AB-856CF3DC2F43}.Release|Any CPU.ActiveCfg = Release|Any CPU
		{F9BEDC62-8D21-4459-83AB-856CF3DC2F43}.Release|Any CPU.Build.0 = Release|Any CPU
		{F9BEDC62-8D21-4459-83AB-856CF3DC2F43}.Release|ARM.ActiveCfg = Release|Any CPU
		{F9BEDC62-8D21-4459-83AB-856CF3DC2F43}.Release|ARM.Build.0 = Release|Any CPU
		{F9BEDC62-8D21-4459-83AB-856CF3DC2F43}.Release|iPhone.ActiveCfg = Release|Any CPU
		{F9BEDC62-8D21-4459-83AB-856CF3DC2F43}.Release|iPhone.Build.0 = Release|Any CPU
		{F9BEDC62-8D21-4459-83AB-856CF3DC2F43}.Release|iPhoneSimulator.ActiveCfg = Release|Any CPU
		{F9BEDC62-8D21-4459-83AB-856CF3DC2F43}.Release|iPhoneSimulator.Build.0 = Release|Any CPU
		{F9BEDC62-8D21-4459-83AB-856CF3DC2F43}.Release|x64.ActiveCfg = Release|Any CPU
		{F9BEDC62-8D21-4459-83AB-856CF3DC2F43}.Release|x64.Build.0 = Release|Any CPU
		{F9BEDC62-8D21-4459-83AB-856CF3DC2F43}.Release|x86.ActiveCfg = Release|Any CPU
		{F9BEDC62-8D21-4459-83AB-856CF3DC2F43}.Release|x86.Build.0 = Release|Any CPU
		{8B795303-AF5F-4652-9C21-4CE55B8B9925}.Debug|Any CPU.ActiveCfg = Debug|Any CPU
		{8B795303-AF5F-4652-9C21-4CE55B8B9925}.Debug|Any CPU.Build.0 = Debug|Any CPU
		{8B795303-AF5F-4652-9C21-4CE55B8B9925}.Debug|Any CPU.Deploy.0 = Debug|Any CPU
		{8B795303-AF5F-4652-9C21-4CE55B8B9925}.Debug|ARM.ActiveCfg = Debug|Any CPU
		{8B795303-AF5F-4652-9C21-4CE55B8B9925}.Debug|ARM.Build.0 = Debug|Any CPU
		{8B795303-AF5F-4652-9C21-4CE55B8B9925}.Debug|ARM.Deploy.0 = Debug|Any CPU
		{8B795303-AF5F-4652-9C21-4CE55B8B9925}.Debug|iPhone.ActiveCfg = Debug|Any CPU
		{8B795303-AF5F-4652-9C21-4CE55B8B9925}.Debug|iPhone.Build.0 = Debug|Any CPU
		{8B795303-AF5F-4652-9C21-4CE55B8B9925}.Debug|iPhone.Deploy.0 = Debug|Any CPU
		{8B795303-AF5F-4652-9C21-4CE55B8B9925}.Debug|iPhoneSimulator.ActiveCfg = Debug|Any CPU
		{8B795303-AF5F-4652-9C21-4CE55B8B9925}.Debug|iPhoneSimulator.Build.0 = Debug|Any CPU
		{8B795303-AF5F-4652-9C21-4CE55B8B9925}.Debug|iPhoneSimulator.Deploy.0 = Debug|Any CPU
		{8B795303-AF5F-4652-9C21-4CE55B8B9925}.Debug|x64.ActiveCfg = Debug|Any CPU
		{8B795303-AF5F-4652-9C21-4CE55B8B9925}.Debug|x64.Build.0 = Debug|Any CPU
		{8B795303-AF5F-4652-9C21-4CE55B8B9925}.Debug|x64.Deploy.0 = Debug|Any CPU
		{8B795303-AF5F-4652-9C21-4CE55B8B9925}.Debug|x86.ActiveCfg = Debug|Any CPU
		{8B795303-AF5F-4652-9C21-4CE55B8B9925}.Debug|x86.Build.0 = Debug|Any CPU
		{8B795303-AF5F-4652-9C21-4CE55B8B9925}.Debug|x86.Deploy.0 = Debug|Any CPU
		{8B795303-AF5F-4652-9C21-4CE55B8B9925}.Release|Any CPU.ActiveCfg = Release|Any CPU
		{8B795303-AF5F-4652-9C21-4CE55B8B9925}.Release|Any CPU.Build.0 = Release|Any CPU
		{8B795303-AF5F-4652-9C21-4CE55B8B9925}.Release|Any CPU.Deploy.0 = Release|Any CPU
		{8B795303-AF5F-4652-9C21-4CE55B8B9925}.Release|ARM.ActiveCfg = Release|Any CPU
		{8B795303-AF5F-4652-9C21-4CE55B8B9925}.Release|ARM.Build.0 = Release|Any CPU
		{8B795303-AF5F-4652-9C21-4CE55B8B9925}.Release|ARM.Deploy.0 = Release|Any CPU
		{8B795303-AF5F-4652-9C21-4CE55B8B9925}.Release|iPhone.ActiveCfg = Release|Any CPU
		{8B795303-AF5F-4652-9C21-4CE55B8B9925}.Release|iPhone.Build.0 = Release|Any CPU
		{8B795303-AF5F-4652-9C21-4CE55B8B9925}.Release|iPhone.Deploy.0 = Release|Any CPU
		{8B795303-AF5F-4652-9C21-4CE55B8B9925}.Release|iPhoneSimulator.ActiveCfg = Release|Any CPU
		{8B795303-AF5F-4652-9C21-4CE55B8B9925}.Release|iPhoneSimulator.Build.0 = Release|Any CPU
		{8B795303-AF5F-4652-9C21-4CE55B8B9925}.Release|iPhoneSimulator.Deploy.0 = Release|Any CPU
		{8B795303-AF5F-4652-9C21-4CE55B8B9925}.Release|x64.ActiveCfg = Release|Any CPU
		{8B795303-AF5F-4652-9C21-4CE55B8B9925}.Release|x64.Build.0 = Release|Any CPU
		{8B795303-AF5F-4652-9C21-4CE55B8B9925}.Release|x64.Deploy.0 = Release|Any CPU
		{8B795303-AF5F-4652-9C21-4CE55B8B9925}.Release|x86.ActiveCfg = Release|Any CPU
		{8B795303-AF5F-4652-9C21-4CE55B8B9925}.Release|x86.Build.0 = Release|Any CPU
		{8B795303-AF5F-4652-9C21-4CE55B8B9925}.Release|x86.Deploy.0 = Release|Any CPU
		{2A58B58F-A3FD-449B-8BA3-E5AC29BC21B4}.Debug|Any CPU.ActiveCfg = Debug|Any CPU
		{2A58B58F-A3FD-449B-8BA3-E5AC29BC21B4}.Debug|Any CPU.Build.0 = Debug|Any CPU
		{2A58B58F-A3FD-449B-8BA3-E5AC29BC21B4}.Debug|ARM.ActiveCfg = Debug|Any CPU
		{2A58B58F-A3FD-449B-8BA3-E5AC29BC21B4}.Debug|ARM.Build.0 = Debug|Any CPU
		{2A58B58F-A3FD-449B-8BA3-E5AC29BC21B4}.Debug|iPhone.ActiveCfg = Debug|Any CPU
		{2A58B58F-A3FD-449B-8BA3-E5AC29BC21B4}.Debug|iPhone.Build.0 = Debug|Any CPU
		{2A58B58F-A3FD-449B-8BA3-E5AC29BC21B4}.Debug|iPhoneSimulator.ActiveCfg = Debug|Any CPU
		{2A58B58F-A3FD-449B-8BA3-E5AC29BC21B4}.Debug|iPhoneSimulator.Build.0 = Debug|Any CPU
		{2A58B58F-A3FD-449B-8BA3-E5AC29BC21B4}.Debug|x64.ActiveCfg = Debug|Any CPU
		{2A58B58F-A3FD-449B-8BA3-E5AC29BC21B4}.Debug|x64.Build.0 = Debug|Any CPU
		{2A58B58F-A3FD-449B-8BA3-E5AC29BC21B4}.Debug|x86.ActiveCfg = Debug|Any CPU
		{2A58B58F-A3FD-449B-8BA3-E5AC29BC21B4}.Debug|x86.Build.0 = Debug|Any CPU
		{2A58B58F-A3FD-449B-8BA3-E5AC29BC21B4}.Release|Any CPU.ActiveCfg = Release|Any CPU
		{2A58B58F-A3FD-449B-8BA3-E5AC29BC21B4}.Release|Any CPU.Build.0 = Release|Any CPU
		{2A58B58F-A3FD-449B-8BA3-E5AC29BC21B4}.Release|ARM.ActiveCfg = Release|Any CPU
		{2A58B58F-A3FD-449B-8BA3-E5AC29BC21B4}.Release|ARM.Build.0 = Release|Any CPU
		{2A58B58F-A3FD-449B-8BA3-E5AC29BC21B4}.Release|iPhone.ActiveCfg = Release|Any CPU
		{2A58B58F-A3FD-449B-8BA3-E5AC29BC21B4}.Release|iPhone.Build.0 = Release|Any CPU
		{2A58B58F-A3FD-449B-8BA3-E5AC29BC21B4}.Release|iPhoneSimulator.ActiveCfg = Release|Any CPU
		{2A58B58F-A3FD-449B-8BA3-E5AC29BC21B4}.Release|iPhoneSimulator.Build.0 = Release|Any CPU
		{2A58B58F-A3FD-449B-8BA3-E5AC29BC21B4}.Release|x64.ActiveCfg = Release|Any CPU
		{2A58B58F-A3FD-449B-8BA3-E5AC29BC21B4}.Release|x64.Build.0 = Release|Any CPU
		{2A58B58F-A3FD-449B-8BA3-E5AC29BC21B4}.Release|x86.ActiveCfg = Release|Any CPU
		{2A58B58F-A3FD-449B-8BA3-E5AC29BC21B4}.Release|x86.Build.0 = Release|Any CPU
		{FDACAB05-E602-4320-A256-29308DDB0118}.Debug|Any CPU.ActiveCfg = Debug|Any CPU
		{FDACAB05-E602-4320-A256-29308DDB0118}.Debug|Any CPU.Build.0 = Debug|Any CPU
		{FDACAB05-E602-4320-A256-29308DDB0118}.Debug|ARM.ActiveCfg = Debug|Any CPU
		{FDACAB05-E602-4320-A256-29308DDB0118}.Debug|ARM.Build.0 = Debug|Any CPU
		{FDACAB05-E602-4320-A256-29308DDB0118}.Debug|iPhone.ActiveCfg = Debug|Any CPU
		{FDACAB05-E602-4320-A256-29308DDB0118}.Debug|iPhone.Build.0 = Debug|Any CPU
		{FDACAB05-E602-4320-A256-29308DDB0118}.Debug|iPhoneSimulator.ActiveCfg = Debug|Any CPU
		{FDACAB05-E602-4320-A256-29308DDB0118}.Debug|iPhoneSimulator.Build.0 = Debug|Any CPU
		{FDACAB05-E602-4320-A256-29308DDB0118}.Debug|x64.ActiveCfg = Debug|Any CPU
		{FDACAB05-E602-4320-A256-29308DDB0118}.Debug|x64.Build.0 = Debug|Any CPU
		{FDACAB05-E602-4320-A256-29308DDB0118}.Debug|x86.ActiveCfg = Debug|Any CPU
		{FDACAB05-E602-4320-A256-29308DDB0118}.Debug|x86.Build.0 = Debug|Any CPU
		{FDACAB05-E602-4320-A256-29308DDB0118}.Release|Any CPU.ActiveCfg = Release|Any CPU
		{FDACAB05-E602-4320-A256-29308DDB0118}.Release|Any CPU.Build.0 = Release|Any CPU
		{FDACAB05-E602-4320-A256-29308DDB0118}.Release|ARM.ActiveCfg = Release|Any CPU
		{FDACAB05-E602-4320-A256-29308DDB0118}.Release|ARM.Build.0 = Release|Any CPU
		{FDACAB05-E602-4320-A256-29308DDB0118}.Release|iPhone.ActiveCfg = Release|Any CPU
		{FDACAB05-E602-4320-A256-29308DDB0118}.Release|iPhone.Build.0 = Release|Any CPU
		{FDACAB05-E602-4320-A256-29308DDB0118}.Release|iPhoneSimulator.ActiveCfg = Release|Any CPU
		{FDACAB05-E602-4320-A256-29308DDB0118}.Release|iPhoneSimulator.Build.0 = Release|Any CPU
		{FDACAB05-E602-4320-A256-29308DDB0118}.Release|x64.ActiveCfg = Release|Any CPU
		{FDACAB05-E602-4320-A256-29308DDB0118}.Release|x64.Build.0 = Release|Any CPU
		{FDACAB05-E602-4320-A256-29308DDB0118}.Release|x86.ActiveCfg = Release|Any CPU
		{FDACAB05-E602-4320-A256-29308DDB0118}.Release|x86.Build.0 = Release|Any CPU
		{86BCC3F8-D9BD-44B1-9581-80EB643C599A}.Debug|Any CPU.ActiveCfg = Debug|Any CPU
		{86BCC3F8-D9BD-44B1-9581-80EB643C599A}.Debug|Any CPU.Build.0 = Debug|Any CPU
		{86BCC3F8-D9BD-44B1-9581-80EB643C599A}.Debug|ARM.ActiveCfg = Debug|Any CPU
		{86BCC3F8-D9BD-44B1-9581-80EB643C599A}.Debug|ARM.Build.0 = Debug|Any CPU
		{86BCC3F8-D9BD-44B1-9581-80EB643C599A}.Debug|iPhone.ActiveCfg = Debug|Any CPU
		{86BCC3F8-D9BD-44B1-9581-80EB643C599A}.Debug|iPhone.Build.0 = Debug|Any CPU
		{86BCC3F8-D9BD-44B1-9581-80EB643C599A}.Debug|iPhoneSimulator.ActiveCfg = Debug|Any CPU
		{86BCC3F8-D9BD-44B1-9581-80EB643C599A}.Debug|iPhoneSimulator.Build.0 = Debug|Any CPU
		{86BCC3F8-D9BD-44B1-9581-80EB643C599A}.Debug|x64.ActiveCfg = Debug|Any CPU
		{86BCC3F8-D9BD-44B1-9581-80EB643C599A}.Debug|x64.Build.0 = Debug|Any CPU
		{86BCC3F8-D9BD-44B1-9581-80EB643C599A}.Debug|x86.ActiveCfg = Debug|Any CPU
		{86BCC3F8-D9BD-44B1-9581-80EB643C599A}.Debug|x86.Build.0 = Debug|Any CPU
		{86BCC3F8-D9BD-44B1-9581-80EB643C599A}.Release|Any CPU.ActiveCfg = Release|Any CPU
		{86BCC3F8-D9BD-44B1-9581-80EB643C599A}.Release|Any CPU.Build.0 = Release|Any CPU
		{86BCC3F8-D9BD-44B1-9581-80EB643C599A}.Release|ARM.ActiveCfg = Release|Any CPU
		{86BCC3F8-D9BD-44B1-9581-80EB643C599A}.Release|ARM.Build.0 = Release|Any CPU
		{86BCC3F8-D9BD-44B1-9581-80EB643C599A}.Release|iPhone.ActiveCfg = Release|Any CPU
		{86BCC3F8-D9BD-44B1-9581-80EB643C599A}.Release|iPhone.Build.0 = Release|Any CPU
		{86BCC3F8-D9BD-44B1-9581-80EB643C599A}.Release|iPhoneSimulator.ActiveCfg = Release|Any CPU
		{86BCC3F8-D9BD-44B1-9581-80EB643C599A}.Release|iPhoneSimulator.Build.0 = Release|Any CPU
		{86BCC3F8-D9BD-44B1-9581-80EB643C599A}.Release|x64.ActiveCfg = Release|Any CPU
		{86BCC3F8-D9BD-44B1-9581-80EB643C599A}.Release|x64.Build.0 = Release|Any CPU
		{86BCC3F8-D9BD-44B1-9581-80EB643C599A}.Release|x86.ActiveCfg = Release|Any CPU
		{86BCC3F8-D9BD-44B1-9581-80EB643C599A}.Release|x86.Build.0 = Release|Any CPU
		{C0BC91CF-582A-46A1-A9F4-9DCCB77E30AF}.Debug|Any CPU.ActiveCfg = Debug|Any CPU
		{C0BC91CF-582A-46A1-A9F4-9DCCB77E30AF}.Debug|Any CPU.Build.0 = Debug|Any CPU
		{C0BC91CF-582A-46A1-A9F4-9DCCB77E30AF}.Debug|Any CPU.Deploy.0 = Debug|Any CPU
		{C0BC91CF-582A-46A1-A9F4-9DCCB77E30AF}.Debug|ARM.ActiveCfg = Debug|Any CPU
		{C0BC91CF-582A-46A1-A9F4-9DCCB77E30AF}.Debug|ARM.Build.0 = Debug|Any CPU
		{C0BC91CF-582A-46A1-A9F4-9DCCB77E30AF}.Debug|ARM.Deploy.0 = Debug|Any CPU
		{C0BC91CF-582A-46A1-A9F4-9DCCB77E30AF}.Debug|iPhone.ActiveCfg = Debug|Any CPU
		{C0BC91CF-582A-46A1-A9F4-9DCCB77E30AF}.Debug|iPhone.Build.0 = Debug|Any CPU
		{C0BC91CF-582A-46A1-A9F4-9DCCB77E30AF}.Debug|iPhone.Deploy.0 = Debug|Any CPU
		{C0BC91CF-582A-46A1-A9F4-9DCCB77E30AF}.Debug|iPhoneSimulator.ActiveCfg = Debug|Any CPU
		{C0BC91CF-582A-46A1-A9F4-9DCCB77E30AF}.Debug|iPhoneSimulator.Build.0 = Debug|Any CPU
		{C0BC91CF-582A-46A1-A9F4-9DCCB77E30AF}.Debug|iPhoneSimulator.Deploy.0 = Debug|Any CPU
		{C0BC91CF-582A-46A1-A9F4-9DCCB77E30AF}.Debug|x64.ActiveCfg = Debug|Any CPU
		{C0BC91CF-582A-46A1-A9F4-9DCCB77E30AF}.Debug|x64.Build.0 = Debug|Any CPU
		{C0BC91CF-582A-46A1-A9F4-9DCCB77E30AF}.Debug|x64.Deploy.0 = Debug|Any CPU
		{C0BC91CF-582A-46A1-A9F4-9DCCB77E30AF}.Debug|x86.ActiveCfg = Debug|Any CPU
		{C0BC91CF-582A-46A1-A9F4-9DCCB77E30AF}.Debug|x86.Build.0 = Debug|Any CPU
		{C0BC91CF-582A-46A1-A9F4-9DCCB77E30AF}.Debug|x86.Deploy.0 = Debug|Any CPU
		{C0BC91CF-582A-46A1-A9F4-9DCCB77E30AF}.Release|Any CPU.ActiveCfg = Release|Any CPU
		{C0BC91CF-582A-46A1-A9F4-9DCCB77E30AF}.Release|Any CPU.Build.0 = Release|Any CPU
		{C0BC91CF-582A-46A1-A9F4-9DCCB77E30AF}.Release|Any CPU.Deploy.0 = Release|Any CPU
		{C0BC91CF-582A-46A1-A9F4-9DCCB77E30AF}.Release|ARM.ActiveCfg = Release|Any CPU
		{C0BC91CF-582A-46A1-A9F4-9DCCB77E30AF}.Release|ARM.Build.0 = Release|Any CPU
		{C0BC91CF-582A-46A1-A9F4-9DCCB77E30AF}.Release|ARM.Deploy.0 = Release|Any CPU
		{C0BC91CF-582A-46A1-A9F4-9DCCB77E30AF}.Release|iPhone.ActiveCfg = Release|Any CPU
		{C0BC91CF-582A-46A1-A9F4-9DCCB77E30AF}.Release|iPhone.Build.0 = Release|Any CPU
		{C0BC91CF-582A-46A1-A9F4-9DCCB77E30AF}.Release|iPhone.Deploy.0 = Release|Any CPU
		{C0BC91CF-582A-46A1-A9F4-9DCCB77E30AF}.Release|iPhoneSimulator.ActiveCfg = Release|Any CPU
		{C0BC91CF-582A-46A1-A9F4-9DCCB77E30AF}.Release|iPhoneSimulator.Build.0 = Release|Any CPU
		{C0BC91CF-582A-46A1-A9F4-9DCCB77E30AF}.Release|iPhoneSimulator.Deploy.0 = Release|Any CPU
		{C0BC91CF-582A-46A1-A9F4-9DCCB77E30AF}.Release|x64.ActiveCfg = Release|Any CPU
		{C0BC91CF-582A-46A1-A9F4-9DCCB77E30AF}.Release|x64.Build.0 = Release|Any CPU
		{C0BC91CF-582A-46A1-A9F4-9DCCB77E30AF}.Release|x64.Deploy.0 = Release|Any CPU
		{C0BC91CF-582A-46A1-A9F4-9DCCB77E30AF}.Release|x86.ActiveCfg = Release|Any CPU
		{C0BC91CF-582A-46A1-A9F4-9DCCB77E30AF}.Release|x86.Build.0 = Release|Any CPU
		{C0BC91CF-582A-46A1-A9F4-9DCCB77E30AF}.Release|x86.Deploy.0 = Release|Any CPU
		{D66363AD-7301-4BDB-B5EF-77E42D54AAC8}.Debug|Any CPU.ActiveCfg = Debug|iPhone
		{D66363AD-7301-4BDB-B5EF-77E42D54AAC8}.Debug|ARM.ActiveCfg = Debug|iPhone
		{D66363AD-7301-4BDB-B5EF-77E42D54AAC8}.Debug|iPhone.ActiveCfg = Debug|iPhone
		{D66363AD-7301-4BDB-B5EF-77E42D54AAC8}.Debug|iPhone.Build.0 = Debug|iPhone
		{D66363AD-7301-4BDB-B5EF-77E42D54AAC8}.Debug|iPhoneSimulator.ActiveCfg = Debug|iPhoneSimulator
		{D66363AD-7301-4BDB-B5EF-77E42D54AAC8}.Debug|iPhoneSimulator.Build.0 = Debug|iPhoneSimulator
		{D66363AD-7301-4BDB-B5EF-77E42D54AAC8}.Debug|x64.ActiveCfg = Debug|iPhone
		{D66363AD-7301-4BDB-B5EF-77E42D54AAC8}.Debug|x86.ActiveCfg = Debug|iPhone
		{D66363AD-7301-4BDB-B5EF-77E42D54AAC8}.Release|Any CPU.ActiveCfg = Release|iPhone
		{D66363AD-7301-4BDB-B5EF-77E42D54AAC8}.Release|ARM.ActiveCfg = Release|iPhone
		{D66363AD-7301-4BDB-B5EF-77E42D54AAC8}.Release|iPhone.ActiveCfg = Release|iPhone
		{D66363AD-7301-4BDB-B5EF-77E42D54AAC8}.Release|iPhone.Build.0 = Release|iPhone
		{D66363AD-7301-4BDB-B5EF-77E42D54AAC8}.Release|iPhoneSimulator.ActiveCfg = Release|iPhoneSimulator
		{D66363AD-7301-4BDB-B5EF-77E42D54AAC8}.Release|iPhoneSimulator.Build.0 = Release|iPhoneSimulator
		{D66363AD-7301-4BDB-B5EF-77E42D54AAC8}.Release|x64.ActiveCfg = Release|iPhone
		{D66363AD-7301-4BDB-B5EF-77E42D54AAC8}.Release|x86.ActiveCfg = Release|iPhone
		{EF9E2195-475D-40EB-9936-6E293FBAE7F9}.Debug|Any CPU.ActiveCfg = Debug|x86
		{EF9E2195-475D-40EB-9936-6E293FBAE7F9}.Debug|ARM.ActiveCfg = Debug|ARM
		{EF9E2195-475D-40EB-9936-6E293FBAE7F9}.Debug|ARM.Build.0 = Debug|ARM
		{EF9E2195-475D-40EB-9936-6E293FBAE7F9}.Debug|ARM.Deploy.0 = Debug|ARM
		{EF9E2195-475D-40EB-9936-6E293FBAE7F9}.Debug|iPhone.ActiveCfg = Debug|x86
		{EF9E2195-475D-40EB-9936-6E293FBAE7F9}.Debug|iPhoneSimulator.ActiveCfg = Debug|x86
		{EF9E2195-475D-40EB-9936-6E293FBAE7F9}.Debug|x64.ActiveCfg = Debug|x64
		{EF9E2195-475D-40EB-9936-6E293FBAE7F9}.Debug|x64.Build.0 = Debug|x64
		{EF9E2195-475D-40EB-9936-6E293FBAE7F9}.Debug|x64.Deploy.0 = Debug|x64
		{EF9E2195-475D-40EB-9936-6E293FBAE7F9}.Debug|x86.ActiveCfg = Debug|x86
		{EF9E2195-475D-40EB-9936-6E293FBAE7F9}.Debug|x86.Build.0 = Debug|x86
		{EF9E2195-475D-40EB-9936-6E293FBAE7F9}.Debug|x86.Deploy.0 = Debug|x86
		{EF9E2195-475D-40EB-9936-6E293FBAE7F9}.Release|Any CPU.ActiveCfg = Release|Any CPU
		{EF9E2195-475D-40EB-9936-6E293FBAE7F9}.Release|Any CPU.Build.0 = Release|Any CPU
		{EF9E2195-475D-40EB-9936-6E293FBAE7F9}.Release|Any CPU.Deploy.0 = Release|Any CPU
		{EF9E2195-475D-40EB-9936-6E293FBAE7F9}.Release|ARM.ActiveCfg = Release|ARM
		{EF9E2195-475D-40EB-9936-6E293FBAE7F9}.Release|ARM.Build.0 = Release|ARM
		{EF9E2195-475D-40EB-9936-6E293FBAE7F9}.Release|ARM.Deploy.0 = Release|ARM
		{EF9E2195-475D-40EB-9936-6E293FBAE7F9}.Release|iPhone.ActiveCfg = Release|x86
		{EF9E2195-475D-40EB-9936-6E293FBAE7F9}.Release|iPhoneSimulator.ActiveCfg = Release|x86
		{EF9E2195-475D-40EB-9936-6E293FBAE7F9}.Release|x64.ActiveCfg = Release|x64
		{EF9E2195-475D-40EB-9936-6E293FBAE7F9}.Release|x64.Build.0 = Release|x64
		{EF9E2195-475D-40EB-9936-6E293FBAE7F9}.Release|x64.Deploy.0 = Release|x64
		{EF9E2195-475D-40EB-9936-6E293FBAE7F9}.Release|x86.ActiveCfg = Release|x86
		{EF9E2195-475D-40EB-9936-6E293FBAE7F9}.Release|x86.Build.0 = Release|x86
		{EF9E2195-475D-40EB-9936-6E293FBAE7F9}.Release|x86.Deploy.0 = Release|x86
		{D70DA6FC-B260-44B4-B523-0CFEEFF6F7A8}.Debug|Any CPU.ActiveCfg = Debug|Any CPU
		{D70DA6FC-B260-44B4-B523-0CFEEFF6F7A8}.Debug|Any CPU.Build.0 = Debug|Any CPU
		{D70DA6FC-B260-44B4-B523-0CFEEFF6F7A8}.Debug|ARM.ActiveCfg = Debug|Any CPU
		{D70DA6FC-B260-44B4-B523-0CFEEFF6F7A8}.Debug|ARM.Build.0 = Debug|Any CPU
		{D70DA6FC-B260-44B4-B523-0CFEEFF6F7A8}.Debug|iPhone.ActiveCfg = Debug|Any CPU
		{D70DA6FC-B260-44B4-B523-0CFEEFF6F7A8}.Debug|iPhone.Build.0 = Debug|Any CPU
		{D70DA6FC-B260-44B4-B523-0CFEEFF6F7A8}.Debug|iPhoneSimulator.ActiveCfg = Debug|Any CPU
		{D70DA6FC-B260-44B4-B523-0CFEEFF6F7A8}.Debug|iPhoneSimulator.Build.0 = Debug|Any CPU
		{D70DA6FC-B260-44B4-B523-0CFEEFF6F7A8}.Debug|x64.ActiveCfg = Debug|Any CPU
		{D70DA6FC-B260-44B4-B523-0CFEEFF6F7A8}.Debug|x64.Build.0 = Debug|Any CPU
		{D70DA6FC-B260-44B4-B523-0CFEEFF6F7A8}.Debug|x86.ActiveCfg = Debug|Any CPU
		{D70DA6FC-B260-44B4-B523-0CFEEFF6F7A8}.Debug|x86.Build.0 = Debug|Any CPU
		{D70DA6FC-B260-44B4-B523-0CFEEFF6F7A8}.Release|Any CPU.ActiveCfg = Release|Any CPU
		{D70DA6FC-B260-44B4-B523-0CFEEFF6F7A8}.Release|Any CPU.Build.0 = Release|Any CPU
		{D70DA6FC-B260-44B4-B523-0CFEEFF6F7A8}.Release|ARM.ActiveCfg = Release|Any CPU
		{D70DA6FC-B260-44B4-B523-0CFEEFF6F7A8}.Release|ARM.Build.0 = Release|Any CPU
		{D70DA6FC-B260-44B4-B523-0CFEEFF6F7A8}.Release|iPhone.ActiveCfg = Release|Any CPU
		{D70DA6FC-B260-44B4-B523-0CFEEFF6F7A8}.Release|iPhone.Build.0 = Release|Any CPU
		{D70DA6FC-B260-44B4-B523-0CFEEFF6F7A8}.Release|iPhoneSimulator.ActiveCfg = Release|Any CPU
		{D70DA6FC-B260-44B4-B523-0CFEEFF6F7A8}.Release|iPhoneSimulator.Build.0 = Release|Any CPU
		{D70DA6FC-B260-44B4-B523-0CFEEFF6F7A8}.Release|x64.ActiveCfg = Release|Any CPU
		{D70DA6FC-B260-44B4-B523-0CFEEFF6F7A8}.Release|x64.Build.0 = Release|Any CPU
		{D70DA6FC-B260-44B4-B523-0CFEEFF6F7A8}.Release|x86.ActiveCfg = Release|Any CPU
		{D70DA6FC-B260-44B4-B523-0CFEEFF6F7A8}.Release|x86.Build.0 = Release|Any CPU
	EndGlobalSection
	GlobalSection(SolutionProperties) = preSolution
		HideSolutionNode = FALSE
	EndGlobalSection
	GlobalSection(ExtensibilityGlobals) = postSolution
		SolutionGuid = {57CB3B71-B94A-483B-B420-88AA2316B2AE}
	EndGlobalSection
EndGlobal
